
Microsoft Visual Studio Solution File, Format Version 12.00
# Visual Studio Version 17
VisualStudioVersion = 17.4.33122.133
MinimumVisualStudioVersion = 10.0.40219.1
Project("{8BC9CEB8-8B4A-11D0-8D11-00A0C91BC942}") = "MoltiplicazioneDaSomme", "Funzioni\Funzioni.vcxproj", "{9F57970E-00F9-45D1-AE02-F85B0C694DC4}"
EndProject
Project("{2150E333-8FDC-42A3-9474-1A3956D46DE8}") = "03Funzioni", "03Funzioni", "{357E4328-B96C-4622-B0A5-2662485F750A}"
EndProject
Project("{8BC9CEB8-8B4A-11D0-8D11-00A0C91BC942}") = "Stampa triangolo", "Stampa triangolo\Stampa triangolo.vcxproj", "{8CE8A15A-B0C1-4219-9A8D-5F1D7EEC2A4C}"
EndProject
Project("{8BC9CEB8-8B4A-11D0-8D11-00A0C91BC942}") = "Controllo compreso (20-50)", "Controllo compreso (20-50)\Controllo compreso (20-50).vcxproj", "{9119C0A9-B827-4C63-8F82-F8D050162817}"
EndProject
Project("{2150E333-8FDC-42A3-9474-1A3956D46DE8}") = "04Vettori", "04Vettori", "{A1E0A230-8AE8-49C5-8C76-23CE27B18F80}"
EndProject
Project("{8BC9CEB8-8B4A-11D0-8D11-00A0C91BC942}") = "Alfabeto -Conta vocali e Consonanti", "Alfabeto\Alfabeto.vcxproj", "{1CDA289A-ACBD-4752-BED8-9513FDCA139A}"
EndProject
Project("{2150E333-8FDC-42A3-9474-1A3956D46DE8}") = "00Base", "00Base", "{B6EE2AA7-7174-4CA2-A1C5-3639B8645984}"
EndProject
Project("{8BC9CEB8-8B4A-11D0-8D11-00A0C91BC942}") = "Precedente e successivo", "Precedente e successivo\Precedente e successivo.vcxproj", "{C7955538-70FC-4E28-9B2F-E06E5DE7562E}"
EndProject
Project("{2150E333-8FDC-42A3-9474-1A3956D46DE8}") = "02Cicli", "02Cicli", "{ECD6C561-4190-4376-B776-58FE47876B85}"
EndProject
Project("{2150E333-8FDC-42A3-9474-1A3956D46DE8}") = "Documentazione", "Documentazione", "{3987534A-787A-44E3-BE7C-74F4040B393F}"
EndProject
Project("{8BC9CEB8-8B4A-11D0-8D11-00A0C91BC942}") = "Documentazione", "Documentazione\Documentazione.vcxproj", "{59235B25-865A-4865-8B3E-329CB1A938CE}"
EndProject
Project("{8BC9CEB8-8B4A-11D0-8D11-00A0C91BC942}") = "Quadrato di asterischi di lato N", "ConsoleApplication1\ConsoleApplication1.vcxproj", "{A24B145E-F3DD-4C4E-B1D3-DB165717D4EE}"
EndProject
Project("{8BC9CEB8-8B4A-11D0-8D11-00A0C91BC942}") = "Variabili", "Variabili\Variabili.vcxproj", "{D1CE998A-1E63-4605-BF5F-53A1CE2E4194}"
EndProject
Project("{8BC9CEB8-8B4A-11D0-8D11-00A0C91BC942}") = "Controllo compreso (n-m)", "Controllo compreso (n-m)\Controllo compreso (n-m).vcxproj", "{33474859-9C62-4EF6-A828-66A1108C52E1}"
EndProject
Project("{8BC9CEB8-8B4A-11D0-8D11-00A0C91BC942}") = "N Caratteri  funz conta vocali e consonanti", "N Caratteri 2 funz conta vocali e consonanti\N Caratteri 2 funz conta vocali e consonanti.vcxproj", "{B8F8DF03-7A15-44F1-9009-1CA26D959097}"
EndProject
Project("{8BC9CEB8-8B4A-11D0-8D11-00A0C91BC942}") = "Costanti", "Costanti\Costanti.vcxproj", "{B9240BFF-D8D4-4C7F-A360-E8404FD2F23D}"
EndProject
Project("{8BC9CEB8-8B4A-11D0-8D11-00A0C91BC942}") = "Tipi di Operatori", "Tipi di Operatori\Tipi di Operatori.vcxproj", "{7F7810D4-066C-4006-A120-F08BDBB6856B}"
EndProject
Project("{2150E333-8FDC-42A3-9474-1A3956D46DE8}") = "01Condizioni", "01Condizioni", "{9B24A398-91B5-4CD7-8A83-5B10C864ACC6}"
EndProject
Project("{8BC9CEB8-8B4A-11D0-8D11-00A0C91BC942}") = "Media di due numeri", "Media di due numeri\Media di due numeri.vcxproj", "{A8327A24-1515-402E-B2A1-2440606C5543}"
EndProject
Project("{8BC9CEB8-8B4A-11D0-8D11-00A0C91BC942}") = "Calcolo aree", "Calcolo aree\Calcolo aree.vcxproj", "{EAACBC91-16C6-4210-B2DD-C7B8ABD8028B}"
EndProject
Project("{8BC9CEB8-8B4A-11D0-8D11-00A0C91BC942}") = "Segno del numero", "Segno del numero\Segno del numero.vcxproj", "{D8A908BC-C09D-459C-9F3E-BA422EA9E8A0}"
EndProject
Project("{8BC9CEB8-8B4A-11D0-8D11-00A0C91BC942}") = "Valore assoluto", "Valore assoluto\Valore assoluto.vcxproj", "{DD38E14E-337A-424F-BC09-2725C697B1F6}"
EndProject
Project("{8BC9CEB8-8B4A-11D0-8D11-00A0C91BC942}") = "Controlla A e B e fai controlli", "Controlla A e B e fai controlli\Controlla A e B e fai controlli.vcxproj", "{37C184C9-4D1B-49DA-91C3-645A37659E72}"
EndProject
Project("{8BC9CEB8-8B4A-11D0-8D11-00A0C91BC942}") = "Classificazione triangolo", "Classificazione triangolo\Classificazione triangolo.vcxproj", "{2D247C7C-9340-4A9F-85D2-AE5CCE9123D5}"
EndProject
Project("{8BC9CEB8-8B4A-11D0-8D11-00A0C91BC942}") = "Equazioni di primo grado", "Equazioni di primo grado\Equazioni di primo grado.vcxproj", "{E9E60BF2-A7F8-4D12-BDAF-8C96ED2B82F0}"
EndProject
Project("{8BC9CEB8-8B4A-11D0-8D11-00A0C91BC942}") = "Stampa dei mesi if else", "Stampa dei mesi if else\Stampa dei mesi if else.vcxproj", "{0B9EB2A6-DB76-4076-AABC-DA6663CA61EB}"
EndProject
Project("{8BC9CEB8-8B4A-11D0-8D11-00A0C91BC942}") = "Semplice calcolatrice", "Semplice calcolatrice\Semplice calcolatrice.vcxproj", "{2F897E81-5303-48FC-8101-F4820448E575}"
EndProject
Global
	GlobalSection(SolutionConfigurationPlatforms) = preSolution
		Debug|x64 = Debug|x64
		Debug|x86 = Debug|x86
		Release|x64 = Release|x64
		Release|x86 = Release|x86
	EndGlobalSection
	GlobalSection(ProjectConfigurationPlatforms) = postSolution
		{9F57970E-00F9-45D1-AE02-F85B0C694DC4}.Debug|x64.ActiveCfg = Debug|x64
		{9F57970E-00F9-45D1-AE02-F85B0C694DC4}.Debug|x64.Build.0 = Debug|x64
		{9F57970E-00F9-45D1-AE02-F85B0C694DC4}.Debug|x86.ActiveCfg = Debug|Win32
		{9F57970E-00F9-45D1-AE02-F85B0C694DC4}.Debug|x86.Build.0 = Debug|Win32
		{9F57970E-00F9-45D1-AE02-F85B0C694DC4}.Release|x64.ActiveCfg = Release|x64
		{9F57970E-00F9-45D1-AE02-F85B0C694DC4}.Release|x64.Build.0 = Release|x64
		{9F57970E-00F9-45D1-AE02-F85B0C694DC4}.Release|x86.ActiveCfg = Release|Win32
		{9F57970E-00F9-45D1-AE02-F85B0C694DC4}.Release|x86.Build.0 = Release|Win32
		{8CE8A15A-B0C1-4219-9A8D-5F1D7EEC2A4C}.Debug|x64.ActiveCfg = Debug|x64
		{8CE8A15A-B0C1-4219-9A8D-5F1D7EEC2A4C}.Debug|x64.Build.0 = Debug|x64
		{8CE8A15A-B0C1-4219-9A8D-5F1D7EEC2A4C}.Debug|x86.ActiveCfg = Debug|Win32
		{8CE8A15A-B0C1-4219-9A8D-5F1D7EEC2A4C}.Debug|x86.Build.0 = Debug|Win32
		{8CE8A15A-B0C1-4219-9A8D-5F1D7EEC2A4C}.Release|x64.ActiveCfg = Release|x64
		{8CE8A15A-B0C1-4219-9A8D-5F1D7EEC2A4C}.Release|x64.Build.0 = Release|x64
		{8CE8A15A-B0C1-4219-9A8D-5F1D7EEC2A4C}.Release|x86.ActiveCfg = Release|Win32
		{8CE8A15A-B0C1-4219-9A8D-5F1D7EEC2A4C}.Release|x86.Build.0 = Release|Win32
		{9119C0A9-B827-4C63-8F82-F8D050162817}.Debug|x64.ActiveCfg = Debug|x64
		{9119C0A9-B827-4C63-8F82-F8D050162817}.Debug|x64.Build.0 = Debug|x64
		{9119C0A9-B827-4C63-8F82-F8D050162817}.Debug|x86.ActiveCfg = Debug|Win32
		{9119C0A9-B827-4C63-8F82-F8D050162817}.Debug|x86.Build.0 = Debug|Win32
		{9119C0A9-B827-4C63-8F82-F8D050162817}.Release|x64.ActiveCfg = Release|x64
		{9119C0A9-B827-4C63-8F82-F8D050162817}.Release|x64.Build.0 = Release|x64
		{9119C0A9-B827-4C63-8F82-F8D050162817}.Release|x86.ActiveCfg = Release|Win32
		{9119C0A9-B827-4C63-8F82-F8D050162817}.Release|x86.Build.0 = Release|Win32
		{1CDA289A-ACBD-4752-BED8-9513FDCA139A}.Debug|x64.ActiveCfg = Debug|x64
		{1CDA289A-ACBD-4752-BED8-9513FDCA139A}.Debug|x64.Build.0 = Debug|x64
		{1CDA289A-ACBD-4752-BED8-9513FDCA139A}.Debug|x86.ActiveCfg = Debug|Win32
		{1CDA289A-ACBD-4752-BED8-9513FDCA139A}.Debug|x86.Build.0 = Debug|Win32
		{1CDA289A-ACBD-4752-BED8-9513FDCA139A}.Release|x64.ActiveCfg = Release|x64
		{1CDA289A-ACBD-4752-BED8-9513FDCA139A}.Release|x64.Build.0 = Release|x64
		{1CDA289A-ACBD-4752-BED8-9513FDCA139A}.Release|x86.ActiveCfg = Release|Win32
		{1CDA289A-ACBD-4752-BED8-9513FDCA139A}.Release|x86.Build.0 = Release|Win32
		{C7955538-70FC-4E28-9B2F-E06E5DE7562E}.Debug|x64.ActiveCfg = Debug|x64
		{C7955538-70FC-4E28-9B2F-E06E5DE7562E}.Debug|x64.Build.0 = Debug|x64
		{C7955538-70FC-4E28-9B2F-E06E5DE7562E}.Debug|x86.ActiveCfg = Debug|Win32
		{C7955538-70FC-4E28-9B2F-E06E5DE7562E}.Debug|x86.Build.0 = Debug|Win32
		{C7955538-70FC-4E28-9B2F-E06E5DE7562E}.Release|x64.ActiveCfg = Release|x64
		{C7955538-70FC-4E28-9B2F-E06E5DE7562E}.Release|x64.Build.0 = Release|x64
		{C7955538-70FC-4E28-9B2F-E06E5DE7562E}.Release|x86.ActiveCfg = Release|Win32
		{C7955538-70FC-4E28-9B2F-E06E5DE7562E}.Release|x86.Build.0 = Release|Win32
		{59235B25-865A-4865-8B3E-329CB1A938CE}.Debug|x64.ActiveCfg = Debug|x64
		{59235B25-865A-4865-8B3E-329CB1A938CE}.Debug|x64.Build.0 = Debug|x64
		{59235B25-865A-4865-8B3E-329CB1A938CE}.Debug|x86.ActiveCfg = Debug|Win32
		{59235B25-865A-4865-8B3E-329CB1A938CE}.Debug|x86.Build.0 = Debug|Win32
		{59235B25-865A-4865-8B3E-329CB1A938CE}.Release|x64.ActiveCfg = Release|x64
		{59235B25-865A-4865-8B3E-329CB1A938CE}.Release|x64.Build.0 = Release|x64
		{59235B25-865A-4865-8B3E-329CB1A938CE}.Release|x86.ActiveCfg = Release|Win32
		{59235B25-865A-4865-8B3E-329CB1A938CE}.Release|x86.Build.0 = Release|Win32
		{A24B145E-F3DD-4C4E-B1D3-DB165717D4EE}.Debug|x64.ActiveCfg = Debug|x64
		{A24B145E-F3DD-4C4E-B1D3-DB165717D4EE}.Debug|x64.Build.0 = Debug|x64
		{A24B145E-F3DD-4C4E-B1D3-DB165717D4EE}.Debug|x86.ActiveCfg = Debug|Win32
		{A24B145E-F3DD-4C4E-B1D3-DB165717D4EE}.Debug|x86.Build.0 = Debug|Win32
		{A24B145E-F3DD-4C4E-B1D3-DB165717D4EE}.Release|x64.ActiveCfg = Release|x64
		{A24B145E-F3DD-4C4E-B1D3-DB165717D4EE}.Release|x64.Build.0 = Release|x64
		{A24B145E-F3DD-4C4E-B1D3-DB165717D4EE}.Release|x86.ActiveCfg = Release|Win32
		{A24B145E-F3DD-4C4E-B1D3-DB165717D4EE}.Release|x86.Build.0 = Release|Win32
		{D1CE998A-1E63-4605-BF5F-53A1CE2E4194}.Debug|x64.ActiveCfg = Debug|x64
		{D1CE998A-1E63-4605-BF5F-53A1CE2E4194}.Debug|x64.Build.0 = Debug|x64
		{D1CE998A-1E63-4605-BF5F-53A1CE2E4194}.Debug|x86.ActiveCfg = Debug|Win32
		{D1CE998A-1E63-4605-BF5F-53A1CE2E4194}.Debug|x86.Build.0 = Debug|Win32
		{D1CE998A-1E63-4605-BF5F-53A1CE2E4194}.Release|x64.ActiveCfg = Release|x64
		{D1CE998A-1E63-4605-BF5F-53A1CE2E4194}.Release|x64.Build.0 = Release|x64
		{D1CE998A-1E63-4605-BF5F-53A1CE2E4194}.Release|x86.ActiveCfg = Release|Win32
		{D1CE998A-1E63-4605-BF5F-53A1CE2E4194}.Release|x86.Build.0 = Release|Win32
		{33474859-9C62-4EF6-A828-66A1108C52E1}.Debug|x64.ActiveCfg = Debug|x64
		{33474859-9C62-4EF6-A828-66A1108C52E1}.Debug|x64.Build.0 = Debug|x64
		{33474859-9C62-4EF6-A828-66A1108C52E1}.Debug|x86.ActiveCfg = Debug|Win32
		{33474859-9C62-4EF6-A828-66A1108C52E1}.Debug|x86.Build.0 = Debug|Win32
		{33474859-9C62-4EF6-A828-66A1108C52E1}.Release|x64.ActiveCfg = Release|x64
		{33474859-9C62-4EF6-A828-66A1108C52E1}.Release|x64.Build.0 = Release|x64
		{33474859-9C62-4EF6-A828-66A1108C52E1}.Release|x86.ActiveCfg = Release|Win32
		{33474859-9C62-4EF6-A828-66A1108C52E1}.Release|x86.Build.0 = Release|Win32
		{B8F8DF03-7A15-44F1-9009-1CA26D959097}.Debug|x64.ActiveCfg = Debug|x64
		{B8F8DF03-7A15-44F1-9009-1CA26D959097}.Debug|x64.Build.0 = Debug|x64
		{B8F8DF03-7A15-44F1-9009-1CA26D959097}.Debug|x86.ActiveCfg = Debug|Win32
		{B8F8DF03-7A15-44F1-9009-1CA26D959097}.Debug|x86.Build.0 = Debug|Win32
		{B8F8DF03-7A15-44F1-9009-1CA26D959097}.Release|x64.ActiveCfg = Release|x64
		{B8F8DF03-7A15-44F1-9009-1CA26D959097}.Release|x64.Build.0 = Release|x64
		{B8F8DF03-7A15-44F1-9009-1CA26D959097}.Release|x86.ActiveCfg = Release|Win32
		{B8F8DF03-7A15-44F1-9009-1CA26D959097}.Release|x86.Build.0 = Release|Win32
		{B9240BFF-D8D4-4C7F-A360-E8404FD2F23D}.Debug|x64.ActiveCfg = Debug|x64
		{B9240BFF-D8D4-4C7F-A360-E8404FD2F23D}.Debug|x64.Build.0 = Debug|x64
		{B9240BFF-D8D4-4C7F-A360-E8404FD2F23D}.Debug|x86.ActiveCfg = Debug|Win32
		{B9240BFF-D8D4-4C7F-A360-E8404FD2F23D}.Debug|x86.Build.0 = Debug|Win32
		{B9240BFF-D8D4-4C7F-A360-E8404FD2F23D}.Release|x64.ActiveCfg = Release|x64
		{B9240BFF-D8D4-4C7F-A360-E8404FD2F23D}.Release|x64.Build.0 = Release|x64
		{B9240BFF-D8D4-4C7F-A360-E8404FD2F23D}.Release|x86.ActiveCfg = Release|Win32
		{B9240BFF-D8D4-4C7F-A360-E8404FD2F23D}.Release|x86.Build.0 = Release|Win32
		{7F7810D4-066C-4006-A120-F08BDBB6856B}.Debug|x64.ActiveCfg = Debug|x64
		{7F7810D4-066C-4006-A120-F08BDBB6856B}.Debug|x64.Build.0 = Debug|x64
		{7F7810D4-066C-4006-A120-F08BDBB6856B}.Debug|x86.ActiveCfg = Debug|Win32
		{7F7810D4-066C-4006-A120-F08BDBB6856B}.Debug|x86.Build.0 = Debug|Win32
		{7F7810D4-066C-4006-A120-F08BDBB6856B}.Release|x64.ActiveCfg = Release|x64
		{7F7810D4-066C-4006-A120-F08BDBB6856B}.Release|x64.Build.0 = Release|x64
		{7F7810D4-066C-4006-A120-F08BDBB6856B}.Release|x86.ActiveCfg = Release|Win32
		{7F7810D4-066C-4006-A120-F08BDBB6856B}.Release|x86.Build.0 = Release|Win32
		{A8327A24-1515-402E-B2A1-2440606C5543}.Debug|x64.ActiveCfg = Debug|x64
		{A8327A24-1515-402E-B2A1-2440606C5543}.Debug|x64.Build.0 = Debug|x64
		{A8327A24-1515-402E-B2A1-2440606C5543}.Debug|x86.ActiveCfg = Debug|Win32
		{A8327A24-1515-402E-B2A1-2440606C5543}.Debug|x86.Build.0 = Debug|Win32
		{A8327A24-1515-402E-B2A1-2440606C5543}.Release|x64.ActiveCfg = Release|x64
		{A8327A24-1515-402E-B2A1-2440606C5543}.Release|x64.Build.0 = Release|x64
		{A8327A24-1515-402E-B2A1-2440606C5543}.Release|x86.ActiveCfg = Release|Win32
		{A8327A24-1515-402E-B2A1-2440606C5543}.Release|x86.Build.0 = Release|Win32
		{EAACBC91-16C6-4210-B2DD-C7B8ABD8028B}.Debug|x64.ActiveCfg = Debug|x64
		{EAACBC91-16C6-4210-B2DD-C7B8ABD8028B}.Debug|x64.Build.0 = Debug|x64
		{EAACBC91-16C6-4210-B2DD-C7B8ABD8028B}.Debug|x86.ActiveCfg = Debug|Win32
		{EAACBC91-16C6-4210-B2DD-C7B8ABD8028B}.Debug|x86.Build.0 = Debug|Win32
		{EAACBC91-16C6-4210-B2DD-C7B8ABD8028B}.Release|x64.ActiveCfg = Release|x64
		{EAACBC91-16C6-4210-B2DD-C7B8ABD8028B}.Release|x64.Build.0 = Release|x64
		{EAACBC91-16C6-4210-B2DD-C7B8ABD8028B}.Release|x86.ActiveCfg = Release|Win32
		{EAACBC91-16C6-4210-B2DD-C7B8ABD8028B}.Release|x86.Build.0 = Release|Win32
		{D8A908BC-C09D-459C-9F3E-BA422EA9E8A0}.Debug|x64.ActiveCfg = Debug|x64
		{D8A908BC-C09D-459C-9F3E-BA422EA9E8A0}.Debug|x64.Build.0 = Debug|x64
		{D8A908BC-C09D-459C-9F3E-BA422EA9E8A0}.Debug|x86.ActiveCfg = Debug|Win32
		{D8A908BC-C09D-459C-9F3E-BA422EA9E8A0}.Debug|x86.Build.0 = Debug|Win32
		{D8A908BC-C09D-459C-9F3E-BA422EA9E8A0}.Release|x64.ActiveCfg = Release|x64
		{D8A908BC-C09D-459C-9F3E-BA422EA9E8A0}.Release|x64.Build.0 = Release|x64
		{D8A908BC-C09D-459C-9F3E-BA422EA9E8A0}.Release|x86.ActiveCfg = Release|Win32
		{D8A908BC-C09D-459C-9F3E-BA422EA9E8A0}.Release|x86.Build.0 = Release|Win32
		{DD38E14E-337A-424F-BC09-2725C697B1F6}.Debug|x64.ActiveCfg = Debug|x64
		{DD38E14E-337A-424F-BC09-2725C697B1F6}.Debug|x64.Build.0 = Debug|x64
		{DD38E14E-337A-424F-BC09-2725C697B1F6}.Debug|x86.ActiveCfg = Debug|Win32
		{DD38E14E-337A-424F-BC09-2725C697B1F6}.Debug|x86.Build.0 = Debug|Win32
		{DD38E14E-337A-424F-BC09-2725C697B1F6}.Release|x64.ActiveCfg = Release|x64
		{DD38E14E-337A-424F-BC09-2725C697B1F6}.Release|x64.Build.0 = Release|x64
		{DD38E14E-337A-424F-BC09-2725C697B1F6}.Release|x86.ActiveCfg = Release|Win32
		{DD38E14E-337A-424F-BC09-2725C697B1F6}.Release|x86.Build.0 = Release|Win32
		{37C184C9-4D1B-49DA-91C3-645A37659E72}.Debug|x64.ActiveCfg = Debug|x64
		{37C184C9-4D1B-49DA-91C3-645A37659E72}.Debug|x64.Build.0 = Debug|x64
		{37C184C9-4D1B-49DA-91C3-645A37659E72}.Debug|x86.ActiveCfg = Debug|Win32
		{37C184C9-4D1B-49DA-91C3-645A37659E72}.Debug|x86.Build.0 = Debug|Win32
		{37C184C9-4D1B-49DA-91C3-645A37659E72}.Release|x64.ActiveCfg = Release|x64
		{37C184C9-4D1B-49DA-91C3-645A37659E72}.Release|x64.Build.0 = Release|x64
		{37C184C9-4D1B-49DA-91C3-645A37659E72}.Release|x86.ActiveCfg = Release|Win32
		{37C184C9-4D1B-49DA-91C3-645A37659E72}.Release|x86.Build.0 = Release|Win32
		{2D247C7C-9340-4A9F-85D2-AE5CCE9123D5}.Debug|x64.ActiveCfg = Debug|x64
		{2D247C7C-9340-4A9F-85D2-AE5CCE9123D5}.Debug|x64.Build.0 = Debug|x64
		{2D247C7C-9340-4A9F-85D2-AE5CCE9123D5}.Debug|x86.ActiveCfg = Debug|Win32
		{2D247C7C-9340-4A9F-85D2-AE5CCE9123D5}.Debug|x86.Build.0 = Debug|Win32
		{2D247C7C-9340-4A9F-85D2-AE5CCE9123D5}.Release|x64.ActiveCfg = Release|x64
		{2D247C7C-9340-4A9F-85D2-AE5CCE9123D5}.Release|x64.Build.0 = Release|x64
		{2D247C7C-9340-4A9F-85D2-AE5CCE9123D5}.Release|x86.ActiveCfg = Release|Win32
		{2D247C7C-9340-4A9F-85D2-AE5CCE9123D5}.Release|x86.Build.0 = Release|Win32
		{E9E60BF2-A7F8-4D12-BDAF-8C96ED2B82F0}.Debug|x64.ActiveCfg = Debug|x64
		{E9E60BF2-A7F8-4D12-BDAF-8C96ED2B82F0}.Debug|x64.Build.0 = Debug|x64
		{E9E60BF2-A7F8-4D12-BDAF-8C96ED2B82F0}.Debug|x86.ActiveCfg = Debug|Win32
		{E9E60BF2-A7F8-4D12-BDAF-8C96ED2B82F0}.Debug|x86.Build.0 = Debug|Win32
		{E9E60BF2-A7F8-4D12-BDAF-8C96ED2B82F0}.Release|x64.ActiveCfg = Release|x64
		{E9E60BF2-A7F8-4D12-BDAF-8C96ED2B82F0}.Release|x64.Build.0 = Release|x64
		{E9E60BF2-A7F8-4D12-BDAF-8C96ED2B82F0}.Release|x86.ActiveCfg = Release|Win32
		{E9E60BF2-A7F8-4D12-BDAF-8C96ED2B82F0}.Release|x86.Build.0 = Release|Win32
		{0B9EB2A6-DB76-4076-AABC-DA6663CA61EB}.Debug|x64.ActiveCfg = Debug|x64
		{0B9EB2A6-DB76-4076-AABC-DA6663CA61EB}.Debug|x64.Build.0 = Debug|x64
		{0B9EB2A6-DB76-4076-AABC-DA6663CA61EB}.Debug|x86.ActiveCfg = Debug|Win32
		{0B9EB2A6-DB76-4076-AABC-DA6663CA61EB}.Debug|x86.Build.0 = Debug|Win32
		{0B9EB2A6-DB76-4076-AABC-DA6663CA61EB}.Release|x64.ActiveCfg = Release|x64
		{0B9EB2A6-DB76-4076-AABC-DA6663CA61EB}.Release|x64.Build.0 = Release|x64
		{0B9EB2A6-DB76-4076-AABC-DA6663CA61EB}.Release|x86.ActiveCfg = Release|Win32
		{0B9EB2A6-DB76-4076-AABC-DA6663CA61EB}.Release|x86.Build.0 = Release|Win32
		{2F897E81-5303-48FC-8101-F4820448E575}.Debug|x64.ActiveCfg = Debug|x64
		{2F897E81-5303-48FC-8101-F4820448E575}.Debug|x64.Build.0 = Debug|x64
		{2F897E81-5303-48FC-8101-F4820448E575}.Debug|x86.ActiveCfg = Debug|Win32
		{2F897E81-5303-48FC-8101-F4820448E575}.Debug|x86.Build.0 = Debug|Win32
		{2F897E81-5303-48FC-8101-F4820448E575}.Release|x64.ActiveCfg = Release|x64
		{2F897E81-5303-48FC-8101-F4820448E575}.Release|x64.Build.0 = Release|x64
		{2F897E81-5303-48FC-8101-F4820448E575}.Release|x86.ActiveCfg = Release|Win32
		{2F897E81-5303-48FC-8101-F4820448E575}.Release|x86.Build.0 = Release|Win32
	EndGlobalSection
	GlobalSection(SolutionProperties) = preSolution
		HideSolutionNode = FALSE
	EndGlobalSection
	GlobalSection(NestedProjects) = preSolution
		{9F57970E-00F9-45D1-AE02-F85B0C694DC4} = {357E4328-B96C-4622-B0A5-2662485F750A}
		{8CE8A15A-B0C1-4219-9A8D-5F1D7EEC2A4C} = {357E4328-B96C-4622-B0A5-2662485F750A}
		{9119C0A9-B827-4C63-8F82-F8D050162817} = {357E4328-B96C-4622-B0A5-2662485F750A}
		{1CDA289A-ACBD-4752-BED8-9513FDCA139A} = {A1E0A230-8AE8-49C5-8C76-23CE27B18F80}
		{C7955538-70FC-4E28-9B2F-E06E5DE7562E} = {B6EE2AA7-7174-4CA2-A1C5-3639B8645984}
		{59235B25-865A-4865-8B3E-329CB1A938CE} = {3987534A-787A-44E3-BE7C-74F4040B393F}
		{A24B145E-F3DD-4C4E-B1D3-DB165717D4EE} = {ECD6C561-4190-4376-B776-58FE47876B85}
		{D1CE998A-1E63-4605-BF5F-53A1CE2E4194} = {B6EE2AA7-7174-4CA2-A1C5-3639B8645984}
		{33474859-9C62-4EF6-A828-66A1108C52E1} = {357E4328-B96C-4622-B0A5-2662485F750A}
		{B8F8DF03-7A15-44F1-9009-1CA26D959097} = {357E4328-B96C-4622-B0A5-2662485F750A}
		{B9240BFF-D8D4-4C7F-A360-E8404FD2F23D} = {B6EE2AA7-7174-4CA2-A1C5-3639B8645984}
		{7F7810D4-066C-4006-A120-F08BDBB6856B} = {B6EE2AA7-7174-4CA2-A1C5-3639B8645984}
		{A8327A24-1515-402E-B2A1-2440606C5543} = {B6EE2AA7-7174-4CA2-A1C5-3639B8645984}
		{EAACBC91-16C6-4210-B2DD-C7B8ABD8028B} = {B6EE2AA7-7174-4CA2-A1C5-3639B8645984}
		{D8A908BC-C09D-459C-9F3E-BA422EA9E8A0} = {9B24A398-91B5-4CD7-8A83-5B10C864ACC6}
		{DD38E14E-337A-424F-BC09-2725C697B1F6} = {9B24A398-91B5-4CD7-8A83-5B10C864ACC6}
		{37C184C9-4D1B-49DA-91C3-645A37659E72} = {9B24A398-91B5-4CD7-8A83-5B10C864ACC6}
		{2D247C7C-9340-4A9F-85D2-AE5CCE9123D5} = {9B24A398-91B5-4CD7-8A83-5B10C864ACC6}
		{E9E60BF2-A7F8-4D12-BDAF-8C96ED2B82F0} = {9B24A398-91B5-4CD7-8A83-5B10C864ACC6}
		{0B9EB2A6-DB76-4076-AABC-DA6663CA61EB} = {9B24A398-91B5-4CD7-8A83-5B10C864ACC6}
		{2F897E81-5303-48FC-8101-F4820448E575} = {9B24A398-91B5-4CD7-8A83-5B10C864ACC6}
	EndGlobalSection
	GlobalSection(ExtensibilityGlobals) = postSolution
		SolutionGuid = {B5B25DA8-F9EF-4410-8662-52C20C668BB9}
	EndGlobalSection
EndGlobal
