
Microsoft Visual Studio Solution File, Format Version 12.00
# Visual Studio Version 17
VisualStudioVersion = 17.4.33122.133
MinimumVisualStudioVersion = 10.0.40219.1
Project("{8BC9CEB8-8B4A-11D0-8D11-00A0C91BC942}") = "MoltiplicazioneDaSomme", "Funzioni\Funzioni.vcxproj", "{9F57970E-00F9-45D1-AE02-F85B0C694DC4}"
EndProject
Project("{2150E333-8FDC-42A3-9474-1A3956D46DE8}") = "05Funzioni", "05Funzioni", "{357E4328-B96C-4622-B0A5-2662485F750A}"
EndProject
Project("{8BC9CEB8-8B4A-11D0-8D11-00A0C91BC942}") = "Stampa triangolo", "Stampa triangolo\Stampa triangolo.vcxproj", "{8CE8A15A-B0C1-4219-9A8D-5F1D7EEC2A4C}"
EndProject
Project("{8BC9CEB8-8B4A-11D0-8D11-00A0C91BC942}") = "Controllo compreso (20-50)", "Controllo compreso (20-50)\Controllo compreso (20-50).vcxproj", "{9119C0A9-B827-4C63-8F82-F8D050162817}"
EndProject
Project("{2150E333-8FDC-42A3-9474-1A3956D46DE8}") = "03Vettori", "03Vettori", "{A1E0A230-8AE8-49C5-8C76-23CE27B18F80}"
EndProject
Project("{8BC9CEB8-8B4A-11D0-8D11-00A0C91BC942}") = "Alfabeto -Conta vocali e Consonanti", "Alfabeto\Alfabeto.vcxproj", "{1CDA289A-ACBD-4752-BED8-9513FDCA139A}"
EndProject
Project("{2150E333-8FDC-42A3-9474-1A3956D46DE8}") = "00Base", "00Base", "{B6EE2AA7-7174-4CA2-A1C5-3639B8645984}"
EndProject
Project("{8BC9CEB8-8B4A-11D0-8D11-00A0C91BC942}") = "Precedente e successivo", "Precedente e successivo\Precedente e successivo.vcxproj", "{C7955538-70FC-4E28-9B2F-E06E5DE7562E}"
EndProject
Project("{2150E333-8FDC-42A3-9474-1A3956D46DE8}") = "02Cicli", "02Cicli", "{ECD6C561-4190-4376-B776-58FE47876B85}"
EndProject
Project("{2150E333-8FDC-42A3-9474-1A3956D46DE8}") = "Documentazione", "Documentazione", "{3987534A-787A-44E3-BE7C-74F4040B393F}"
EndProject
Project("{8BC9CEB8-8B4A-11D0-8D11-00A0C91BC942}") = "Documentazione", "Documentazione\Documentazione.vcxproj", "{59235B25-865A-4865-8B3E-329CB1A938CE}"
EndProject
Project("{8BC9CEB8-8B4A-11D0-8D11-00A0C91BC942}") = "DisegnoQuadrato di asterischi di lato N", "ConsoleApplication1\ConsoleApplication1.vcxproj", "{A24B145E-F3DD-4C4E-B1D3-DB165717D4EE}"
EndProject
Project("{8BC9CEB8-8B4A-11D0-8D11-00A0C91BC942}") = "Variabili", "Variabili\Variabili.vcxproj", "{D1CE998A-1E63-4605-BF5F-53A1CE2E4194}"
EndProject
Project("{8BC9CEB8-8B4A-11D0-8D11-00A0C91BC942}") = "Controllo compreso (n-m)", "Controllo compreso (n-m)\Controllo compreso (n-m).vcxproj", "{33474859-9C62-4EF6-A828-66A1108C52E1}"
EndProject
Project("{8BC9CEB8-8B4A-11D0-8D11-00A0C91BC942}") = "N Caratteri  funz conta vocali e consonanti", "N Caratteri 2 funz conta vocali e consonanti\N Caratteri 2 funz conta vocali e consonanti.vcxproj", "{B8F8DF03-7A15-44F1-9009-1CA26D959097}"
EndProject
Project("{8BC9CEB8-8B4A-11D0-8D11-00A0C91BC942}") = "Costanti", "Costanti\Costanti.vcxproj", "{B9240BFF-D8D4-4C7F-A360-E8404FD2F23D}"
EndProject
Project("{8BC9CEB8-8B4A-11D0-8D11-00A0C91BC942}") = "Tipi di Operatori", "Tipi di Operatori\Tipi di Operatori.vcxproj", "{7F7810D4-066C-4006-A120-F08BDBB6856B}"
EndProject
Project("{2150E333-8FDC-42A3-9474-1A3956D46DE8}") = "01Condizioni", "01Condizioni", "{9B24A398-91B5-4CD7-8A83-5B10C864ACC6}"
EndProject
Project("{8BC9CEB8-8B4A-11D0-8D11-00A0C91BC942}") = "Media di due numeriINP OUT", "Media di due numeri\Media di due numeri.vcxproj", "{A8327A24-1515-402E-B2A1-2440606C5543}"
EndProject
Project("{8BC9CEB8-8B4A-11D0-8D11-00A0C91BC942}") = "Calcolo aree", "Calcolo aree\Calcolo aree.vcxproj", "{EAACBC91-16C6-4210-B2DD-C7B8ABD8028B}"
EndProject
Project("{8BC9CEB8-8B4A-11D0-8D11-00A0C91BC942}") = "Segno del numero", "Segno del numero\Segno del numero.vcxproj", "{D8A908BC-C09D-459C-9F3E-BA422EA9E8A0}"
EndProject
Project("{8BC9CEB8-8B4A-11D0-8D11-00A0C91BC942}") = "Valore assoluto", "Valore assoluto\Valore assoluto.vcxproj", "{DD38E14E-337A-424F-BC09-2725C697B1F6}"
EndProject
Project("{8BC9CEB8-8B4A-11D0-8D11-00A0C91BC942}") = "Controlla A e B e fai controlli", "Controlla A e B e fai controlli\Controlla A e B e fai controlli.vcxproj", "{37C184C9-4D1B-49DA-91C3-645A37659E72}"
EndProject
Project("{8BC9CEB8-8B4A-11D0-8D11-00A0C91BC942}") = "Classificazione triangolo", "Classificazione triangolo\Classificazione triangolo.vcxproj", "{2D247C7C-9340-4A9F-85D2-AE5CCE9123D5}"
EndProject
Project("{8BC9CEB8-8B4A-11D0-8D11-00A0C91BC942}") = "Equazioni di primo grado", "Equazioni di primo grado\Equazioni di primo grado.vcxproj", "{E9E60BF2-A7F8-4D12-BDAF-8C96ED2B82F0}"
EndProject
Project("{8BC9CEB8-8B4A-11D0-8D11-00A0C91BC942}") = "Stampa dei mesi if else", "Stampa dei mesi if else\Stampa dei mesi if else.vcxproj", "{0B9EB2A6-DB76-4076-AABC-DA6663CA61EB}"
EndProject
Project("{8BC9CEB8-8B4A-11D0-8D11-00A0C91BC942}") = "Switch Case Semplice calcolatrice", "Semplice calcolatrice\Semplice calcolatrice.vcxproj", "{2F897E81-5303-48FC-8101-F4820448E575}"
EndProject
Project("{8BC9CEB8-8B4A-11D0-8D11-00A0C91BC942}") = "Da 2 numeri prendere il massimo", "Da 2 numeri prendere il massimo\Da 2 numeri prendere il massimo.vcxproj", "{D44AD7B6-0F71-42A4-87B3-6EF409708E07}"
EndProject
Project("{8BC9CEB8-8B4A-11D0-8D11-00A0C91BC942}") = "Da 3  numeri prendere il massimo", "Da 3  numeri prendere il massimo\Da 3  numeri prendere il massimo.vcxproj", "{F14A6DFD-5A1C-44C7-961E-83903CB253BF}"
EndProject
Project("{8BC9CEB8-8B4A-11D0-8D11-00A0C91BC942}") = "Equazione di secondo grado", "Equazione di secondo grado\Equazione di secondo grado.vcxproj", "{6FF64B60-9C14-4449-9F6C-6376B63CF984}"
EndProject
Project("{8BC9CEB8-8B4A-11D0-8D11-00A0C91BC942}") = "Da binario a Decimale", "Da binario a Decimale\Da binario a Decimale.vcxproj", "{109A96C8-2F67-4E69-8206-9DAF5E00E7D9}"
EndProject
Project("{8BC9CEB8-8B4A-11D0-8D11-00A0C91BC942}") = "Media Di Numeri", "Media Di Numeri\Media Di Numeri.vcxproj", "{0EF35D8C-A340-4836-BD8B-4D8D6D6494D2}"
EndProject
Project("{8BC9CEB8-8B4A-11D0-8D11-00A0C91BC942}") = "Massimo e minimo", "Massimo e minimo\Massimo e minimo.vcxproj", "{7357761E-7177-4A29-A8C7-E74F76D79C6F}"
EndProject
Project("{8BC9CEB8-8B4A-11D0-8D11-00A0C91BC942}") = "Fattoriale", "Fattoriale\Fattoriale.vcxproj", "{4F7F2970-A102-4A3B-AF08-EA75D6E2D48C}"
EndProject
Project("{8BC9CEB8-8B4A-11D0-8D11-00A0C91BC942}") = "Classificazione sequenze", "Classificazione sequenze\Classificazione sequenze.vcxproj", "{D26B785D-2B00-48EC-B551-234C56E51498}"
EndProject
Project("{8BC9CEB8-8B4A-11D0-8D11-00A0C91BC942}") = "Divisori di un numero", "Divisori di un numero\Divisori di un numero.vcxproj", "{D0CFAF69-DB7D-4F12-A0F2-6BAC68BCE6B2}"
EndProject
Project("{8BC9CEB8-8B4A-11D0-8D11-00A0C91BC942}") = "Massimo comune divisore di 2 numeri", "Massimo comune divisore di 2 numeri\Massimo comune divisore di 2 numeri.vcxproj", "{36CD609A-8355-466C-ADEB-B3CBEEEB37FC}"
EndProject
Project("{8BC9CEB8-8B4A-11D0-8D11-00A0C91BC942}") = "Minimo comune multiplo di 2 numeri", "Minimo comune multiplo di 2 numeri\Minimo comune multiplo di 2 numeri.vcxproj", "{128A0FD0-71E6-4663-92D0-E478172F6F26}"
EndProject
Project("{8BC9CEB8-8B4A-11D0-8D11-00A0C91BC942}") = "DisegnoQuadrato vuoto di asterischi di lato N", "DisegnoQuadrato vuoto di asterischi di lato N\DisegnoQuadrato vuoto di asterischi di lato N.vcxproj", "{0BFE477D-E790-4417-8204-8F1D92E9AF28}"
EndProject
Project("{8BC9CEB8-8B4A-11D0-8D11-00A0C91BC942}") = "Disegno Triangolo rettangolo di asterischi di lato N", "Disegno Triangolo rettangolo di asterischi di lato N\Disegno Triangolo rettangolo di asterischi di lato N.vcxproj", "{F658D900-2F2B-4AF5-823B-6CE9B0B49929}"
EndProject
Project("{8BC9CEB8-8B4A-11D0-8D11-00A0C91BC942}") = "Disegno Doppio Triangolo rettangolo di asterischi di lato N", "Disegno Doppio Triangolo rettangolo di asterischi di lato N\Disegno Doppio Triangolo rettangolo di asterischi di lato N.vcxproj", "{13DF3CB1-B838-42F0-A39A-D50FD6F067E7}"
EndProject
Project("{8BC9CEB8-8B4A-11D0-8D11-00A0C91BC942}") = "Opposto di un numero binario in complemento a 2 su N bit", "Calcolo dell’opposto di un numero binario in complemento a 2 su N bit\Calcolo dell’opposto di un numero binario in complemento a 2 su N bit.vcxproj", "{A45A8D91-4665-48C0-A4D1-8F026A400F0D}"
EndProject
Project("{8BC9CEB8-8B4A-11D0-8D11-00A0C91BC942}") = "Somma di numeri binari", "Somma di numeri binari\Somma di numeri binari.vcxproj", "{16895C94-8488-495F-9783-F05AAAA5F570}"
EndProject
Project("{8BC9CEB8-8B4A-11D0-8D11-00A0C91BC942}") = "Conversione Decimale-Binario su un numero fisso di bit", "Conversione Decimale-Binario su un numero fisso di bit\Conversione Decimale-Binario su un numero fisso di bit.vcxproj", "{68309315-6EF4-4618-BBF6-7EDB3505ACD3}"
EndProject
Project("{8BC9CEB8-8B4A-11D0-8D11-00A0C91BC942}") = "Numeri di Fibonacci", "Numeri di Fibonacci\Numeri di Fibonacci.vcxproj", "{106190EC-91F0-4531-9EDB-0CECC7E26F35}"
EndProject
Project("{8BC9CEB8-8B4A-11D0-8D11-00A0C91BC942}") = "Ricerca di un elemento in vettore", "Ricerca di un elemento in vettore\Ricerca di un elemento in vettore.vcxproj", "{F03407AD-7D51-4AB6-AF37-ABC8E6042F82}"
EndProject
Project("{8BC9CEB8-8B4A-11D0-8D11-00A0C91BC942}") = "Controllo  se il vettore e' ordinato", "Vettore Ordinato\Vettore Ordinato.vcxproj", "{C3FDA0F2-7C1B-448F-A90F-9A4630971522}"
EndProject
Project("{8BC9CEB8-8B4A-11D0-8D11-00A0C91BC942}") = "Stampa Isogrammi", "Stampa Isogrammi\Stampa Isogrammi.vcxproj", "{D0411E13-F686-4426-9B41-9C00306AFB22}"
EndProject
Project("{8BC9CEB8-8B4A-11D0-8D11-00A0C91BC942}") = "Opposto numero binario in complemento a 2 su N bit", "Opposto numero binario in complemento a 2 su N bit\Opposto numero binario in complemento a 2 su N bit.vcxproj", "{F7DFFE63-19E9-4BAF-A191-1E31EB20C1E6}"
EndProject
Project("{8BC9CEB8-8B4A-11D0-8D11-00A0C91BC942}") = "Operazione di shift di un vettore", "Operazione di shift di un vettore\Operazione di shift di un vettore.vcxproj", "{15248312-5F4D-4F3D-8127-2BB2E8AF3CD5}"
EndProject
Project("{8BC9CEB8-8B4A-11D0-8D11-00A0C91BC942}") = "Compattazione di un vettore", "Compattazione di un vettore\Compattazione di un vettore.vcxproj", "{4E9578D3-FB4D-4BA3-9FAC-A561441F9C7F}"
EndProject
Project("{8BC9CEB8-8B4A-11D0-8D11-00A0C91BC942}") = "Intersezione di due vettori", "Intersezione di due vettori\Intersezione di due vettori.vcxproj", "{B29B4F78-C7F1-43D8-9C96-8B2656DF4152}"
EndProject
Project("{8BC9CEB8-8B4A-11D0-8D11-00A0C91BC942}") = "Calcolo di occorrenze", "Calcolo di occorrenze\Calcolo di occorrenze.vcxproj", "{0508ED55-246E-4FD8-8B43-B23839F0A96C}"
EndProject
Project("{8BC9CEB8-8B4A-11D0-8D11-00A0C91BC942}") = "Fusione di due vettori ordinati", "Fusione di due vettori ordinati\Fusione di due vettori ordinati.vcxproj", "{82C5B599-13AA-44B5-A06C-2579816DF6CB}"
EndProject
Project("{2150E333-8FDC-42A3-9474-1A3956D46DE8}") = "04Caratteri e stringhe", "04Caratteri e stringhe", "{0D15E38D-C42C-4BD3-864F-4FE042947A93}"
EndProject
Project("{8BC9CEB8-8B4A-11D0-8D11-00A0C91BC942}") = "Calcolo fattoriale", "Calcolo fattoriale\Calcolo fattoriale.vcxproj", "{3B608F33-9765-482F-A1F8-BDD83381FB1D}"
EndProject
Project("{8BC9CEB8-8B4A-11D0-8D11-00A0C91BC942}") = "Ricerca un elemento in vettore", "Ricerca un elemento in vettore\Ricerca un elemento in vettore.vcxproj", "{F1CA3876-CB60-440A-BF9C-175D720BD53F}"
EndProject
Project("{8BC9CEB8-8B4A-11D0-8D11-00A0C91BC942}") = "Valitare quanti caratteri iniziali sono in comune tra due stringhe", "Confronto stringhe\Confronto stringhe.vcxproj", "{0C620AA9-8891-4B21-A96B-C7EBF95E35DF}"
EndProject
Project("{8BC9CEB8-8B4A-11D0-8D11-00A0C91BC942}") = "Tutto in maiuscolo", "Tutto in maiuscolo\Tutto in maiuscolo.vcxproj", "{01179071-0CBE-418B-909C-0D4BC6837382}"
EndProject
Project("{8BC9CEB8-8B4A-11D0-8D11-00A0C91BC942}") = "Disegno Doppio Triangolo rettangolo asterichiepiù", "Disegno Doppio Triangolo rettangolo asterichiepiù\Disegno Doppio Triangolo rettangolo asterichiepiù.vcxproj", "{0FD017F1-A4DA-4709-A9F1-F9BBED56A949}"
EndProject
Project("{8BC9CEB8-8B4A-11D0-8D11-00A0C91BC942}") = "Controllo Compreso [N M] Stampa PARI COMPRESI e somma dei dispari", "Controllo Compreso [N M] Stampa PARI COMPRESI e somma dei dispari\Controllo Compreso [N M] Stampa PARI COMPRESI e somma dei dispari.vcxproj", "{1F25E517-4844-4EF6-A3EA-49360EB28FCE}"
EndProject
Project("{8BC9CEB8-8B4A-11D0-8D11-00A0C91BC942}") = "Conta vocali e consonanti", "Conta vocali e consonanti\Conta vocali e consonanti.vcxproj", "{2B4D7833-DF43-4F21-819B-B3C8FBA94340}"
EndProject
Project("{8BC9CEB8-8B4A-11D0-8D11-00A0C91BC942}") = "Sostituisci carattere", "Sostituisci carattere\Sostituisci carattere.vcxproj", "{F3F118B6-2412-438E-8CAF-E6D4FFBAFF29}"
EndProject
Project("{8BC9CEB8-8B4A-11D0-8D11-00A0C91BC942}") = "Codifica di una parola", "Codifica di una parola\Codifica di una parola.vcxproj", "{70AE43AD-4A1F-400D-B760-A3BCE1F6FDC2}"
EndProject
Project("{8BC9CEB8-8B4A-11D0-8D11-00A0C91BC942}") = "Controlo Minuscolo Maiuscolo", "Controlo Minuscolo Maiuscolo\Controlo Minuscolo Maiuscolo.vcxproj", "{9F534DF4-F58C-432C-BE63-054C76CEF8B6}"
EndProject
Project("{8BC9CEB8-8B4A-11D0-8D11-00A0C91BC942}") = "Primo carattere maiuscolo", "Primo carattere maiuscolo\Primo carattere maiuscolo.vcxproj", "{D065EED8-39B4-4893-9203-74FDC62BBA85}"
EndProject
Project("{8BC9CEB8-8B4A-11D0-8D11-00A0C91BC942}") = "Conversione binario decimale", "Conversione binario decimale\Conversione binario decimale.vcxproj", "{0B4ED644-4A7A-457C-93DF-D80048357AA6}"
EndProject
Project("{8BC9CEB8-8B4A-11D0-8D11-00A0C91BC942}") = "Parola palindroma", "Parola palindroma\Parola palindroma.vcxproj", "{B52E9CEF-A586-4CD7-BC7A-595A1C1F410D}"
EndProject
Project("{8BC9CEB8-8B4A-11D0-8D11-00A0C91BC942}") = "Ricerca sottostringa", "Ricerca sottostringa\Ricerca sottostringa.vcxproj", "{44CC7A11-9E89-48EC-A284-5327216A0919}"
EndProject
Project("{8BC9CEB8-8B4A-11D0-8D11-00A0C91BC942}") = "Sostituisci sottostringa", "Sostituisci sottostringa\Sostituisci sottostringa.vcxproj", "{EBCD15CC-8219-44C4-A883-4157718F445B}"
EndProject
Project("{2150E333-8FDC-42A3-9474-1A3956D46DE8}") = "06Matrici", "06Matrici", "{0D4478E1-E669-4214-A856-E1C24837E0D0}"
EndProject
Project("{8BC9CEB8-8B4A-11D0-8D11-00A0C91BC942}") = "Concorso di intelligenza", "Concorso di intelligenza\Concorso di intelligenza.vcxproj", "{8EA807F6-9AC5-4B1B-9163-A458CCD32AAF}"
EndProject
Project("{8BC9CEB8-8B4A-11D0-8D11-00A0C91BC942}") = "Statistiche testo", "Statistiche testo\Statistiche testo.vcxproj", "{66E7EBF1-45FE-49C6-B707-4D31E4195E58}"
EndProject
Project("{8BC9CEB8-8B4A-11D0-8D11-00A0C91BC942}") = "Rubrica telefonica", "Rubrica telefonica\Rubrica telefonica.vcxproj", "{1F6F2AF1-F02E-4561-AA80-C7A1F5B30C49}"
EndProject
Project("{8BC9CEB8-8B4A-11D0-8D11-00A0C91BC942}") = "Gestione magazzino", "Gestione magazzino\Gestione magazzino.vcxproj", "{D99FA9DB-A671-44F7-9847-DD13A381076D}"
EndProject
Project("{8BC9CEB8-8B4A-11D0-8D11-00A0C91BC942}") = "Minuti lavorati", "Minuti lavorati\Minuti lavorati.vcxproj", "{6EEE3B44-C0FC-41CA-8AA5-2E4C1037F416}"
EndProject
Project("{2150E333-8FDC-42A3-9474-1A3956D46DE8}") = "07 File", "07 File", "{63FD1840-6D03-4B7E-B7F9-748A302916E2}"
EndProject
Project("{2150E333-8FDC-42A3-9474-1A3956D46DE8}") = "10 Alberi", "10 Alberi", "{F767F79E-8FC1-4E45-A5DD-2C98BDF226ED}"
EndProject
Project("{8BC9CEB8-8B4A-11D0-8D11-00A0C91BC942}") = "Esercizio alberi", "Esercizio alberi\Esercizio alberi.vcxproj", "{E6EB1097-FBA7-4EE2-94EF-84848253BEE3}"
EndProject
Project("{8BC9CEB8-8B4A-11D0-8D11-00A0C91BC942}") = "Registro d’esame", "Registro d’esame\Registro d’esame.vcxproj", "{03E0B9F7-64D3-4C2D-98AB-D04E6F554988}"
EndProject
Project("{8BC9CEB8-8B4A-11D0-8D11-00A0C91BC942}") = "Cartoline", "Registro d'esame\Registro d'esame.vcxproj", "{3A714D4D-780F-434E-AF2B-2C9C116E27CB}"
EndProject
Project("{8BC9CEB8-8B4A-11D0-8D11-00A0C91BC942}") = "Superfici e Volumi", "Superfici e Volumi\Superfici e Volumi.vcxproj", "{D4134627-053D-4644-A2B8-73E562261449}"
EndProject
Project("{8BC9CEB8-8B4A-11D0-8D11-00A0C91BC942}") = "Elevamento a potenza", "Elevamento a potenza\Elevamento a potenza.vcxproj", "{C5920502-79D9-4644-B76D-799016D3E6C6}"
EndProject
Project("{8BC9CEB8-8B4A-11D0-8D11-00A0C91BC942}") = "Caratteri  Vocali e si trasformano nella lettera successiva", "Caratteri  Vocali e si trasformano nella lettera successiva\Caratteri  Vocali e si trasformano nella lettera successiva.vcxproj", "{03D47C2B-34A6-41A8-AB28-13481F9D24F5}"
EndProject
Project("{8BC9CEB8-8B4A-11D0-8D11-00A0C91BC942}") = "vett e funz media", "vett e funz media\vett e funz media.vcxproj", "{1FA8A563-BCE4-49D0-A923-43BA0B10BC9F}"
EndProject
Project("{8BC9CEB8-8B4A-11D0-8D11-00A0C91BC942}") = "Stampa fino a posizione", "Stampa fino a posizione\Stampa fino a posizione.vcxproj", "{9921C588-7884-4661-931F-2544B77823CD}"
EndProject
Project("{8BC9CEB8-8B4A-11D0-8D11-00A0C91BC942}") = "Confronto tra 2 vetori", "Confronto tra 2 vetori\Confronto tra 2 vetori.vcxproj", "{EAA40066-FB7A-4473-B1A9-F057FC551111}"
EndProject
Project("{8BC9CEB8-8B4A-11D0-8D11-00A0C91BC942}") = "Printf", "Printf\Printf.vcxproj", "{0E6C73B8-5E46-4E6C-A81B-0CE9C07D95EB}"
EndProject
Project("{8BC9CEB8-8B4A-11D0-8D11-00A0C91BC942}") = "Scanf", "Scanf\Scanf.vcxproj", "{7EFD2217-EFC2-4578-BE53-09524E7F58C4}"
EndProject
Project("{2150E333-8FDC-42A3-9474-1A3956D46DE8}") = "08liste", "08liste", "{D6B4C74D-B543-4B68-BB87-4A96CB2889F0}"
EndProject
Project("{2150E333-8FDC-42A3-9474-1A3956D46DE8}") = "09liste Bidirezionali", "09liste Bidirezionali", "{68DCCEFB-7384-47DB-9F6B-32BEDE0C3A15}"
EndProject
Project("{8BC9CEB8-8B4A-11D0-8D11-00A0C91BC942}") = "AlberiBinariCarattere", "AlberiBinariCarattere\AlberiBinariCarattere.vcxproj", "{CA9B9FFA-E347-4837-B8CF-9A6CA9AFECDF}"
EndProject
Project("{8BC9CEB8-8B4A-11D0-8D11-00A0C91BC942}") = "Temperature", "Temperature\Temperature.vcxproj", "{E4B87D54-87BF-455B-97DE-FC143B183C1F}"
EndProject
Project("{8BC9CEB8-8B4A-11D0-8D11-00A0C91BC942}") = "Presenze ai corsi", "Presenze ai corsi\Presenze ai corsi.vcxproj", "{6F42EE7E-0818-4A9A-8D65-4124EBCE3706}"
EndProject
Project("{8BC9CEB8-8B4A-11D0-8D11-00A0C91BC942}") = "Media esami", "Media esami\Media esami.vcxproj", "{397D80E3-DB2A-48BA-832E-04B959538C51}"
EndProject
Project("{8BC9CEB8-8B4A-11D0-8D11-00A0C91BC942}") = "consumi di toner", "consumi di toner\consumi di toner.vcxproj", "{84C05DB3-EAFF-461F-9FDC-AB52570A6D1D}"
EndProject
Project("{8BC9CEB8-8B4A-11D0-8D11-00A0C91BC942}") = "Ricette di cucina", "Ricette di cucina\Ricette di cucina.vcxproj", "{0F2A15F5-D6C7-4754-88BD-55F661E6F42A}"
EndProject
Project("{8BC9CEB8-8B4A-11D0-8D11-00A0C91BC942}") = "Bin lista CABALA", "Bin\Bin.vcxproj", "{A2EE1C0C-DBE5-4845-87C7-BF0F33B966D5}"
EndProject
Project("{8BC9CEB8-8B4A-11D0-8D11-00A0C91BC942}") = "Bin 2  file  prodotti di due magazzini", "Bin 2  file  prodotti di due magazzini\Bin 2  file  prodotti di due magazzini.vcxproj", "{49CE0B6F-DB76-4C88-9CEC-D0C5DDA2A657}"
EndProject
Project("{8BC9CEB8-8B4A-11D0-8D11-00A0C91BC942}") = "Bin FROM TXT TO SCHEDINA", "Bin FROM TXT TO SCHEDINA\Bin FROM TXT TO SCHEDINA.vcxproj", "{F025CF2C-7388-4527-9A48-543CAD8592DF}"
EndProject
Project("{8BC9CEB8-8B4A-11D0-8D11-00A0C91BC942}") = "Esercizio base IF", "Esercizio base IF\Esercizio base IF.vcxproj", "{620CD92A-7231-48E0-BCE3-A64190532A10}"
EndProject
Project("{8BC9CEB8-8B4A-11D0-8D11-00A0C91BC942}") = "Numeri da 5 a 100, a step di 5 do-while", "Numeri da 5 a 100, a step di 5 do-while\Numeri da 5 a 100, a step di 5 do-while.vcxproj", "{B09BF174-DF17-4A66-90EC-F58F79CDF716}"
EndProject
Project("{8BC9CEB8-8B4A-11D0-8D11-00A0C91BC942}") = "FOR da 1 a N che di volta in volta ricerca il valore minimo", "FOR da 1 a N che di volta in volta ricerca il valore minimo\FOR da 1 a N che di volta in volta ricerca il valore minimo.vcxproj", "{5BF63D89-2A48-4143-ABD7-0DCAB1E86191}"
EndProject
Project("{8BC9CEB8-8B4A-11D0-8D11-00A0C91BC942}") = "Alberi Profondita", "Alberi Profondita\Alberi Profondita.vcxproj", "{1B5958DE-91AE-4C28-9AEA-80502063F74A}"
EndProject
Project("{8BC9CEB8-8B4A-11D0-8D11-00A0C91BC942}") = "leggere  N  (0 N 400)   visualizzare pos somma", "leggere  N  (0 N 400)   visualizzare pos somma\leggere  N  (0 N 400)   visualizzare pos somma.vcxproj", "{F505A0B5-A357-41DD-BE1C-E1C73C5840AE}"
EndProject
Global
	GlobalSection(SolutionConfigurationPlatforms) = preSolution
		Debug|x64 = Debug|x64
		Debug|x86 = Debug|x86
		Release|x64 = Release|x64
		Release|x86 = Release|x86
	EndGlobalSection
	GlobalSection(ProjectConfigurationPlatforms) = postSolution
		{9F57970E-00F9-45D1-AE02-F85B0C694DC4}.Debug|x64.ActiveCfg = Debug|x64
		{9F57970E-00F9-45D1-AE02-F85B0C694DC4}.Debug|x64.Build.0 = Debug|x64
		{9F57970E-00F9-45D1-AE02-F85B0C694DC4}.Debug|x86.ActiveCfg = Debug|Win32
		{9F57970E-00F9-45D1-AE02-F85B0C694DC4}.Debug|x86.Build.0 = Debug|Win32
		{9F57970E-00F9-45D1-AE02-F85B0C694DC4}.Release|x64.ActiveCfg = Release|x64
		{9F57970E-00F9-45D1-AE02-F85B0C694DC4}.Release|x64.Build.0 = Release|x64
		{9F57970E-00F9-45D1-AE02-F85B0C694DC4}.Release|x86.ActiveCfg = Release|Win32
		{9F57970E-00F9-45D1-AE02-F85B0C694DC4}.Release|x86.Build.0 = Release|Win32
		{8CE8A15A-B0C1-4219-9A8D-5F1D7EEC2A4C}.Debug|x64.ActiveCfg = Debug|x64
		{8CE8A15A-B0C1-4219-9A8D-5F1D7EEC2A4C}.Debug|x64.Build.0 = Debug|x64
		{8CE8A15A-B0C1-4219-9A8D-5F1D7EEC2A4C}.Debug|x86.ActiveCfg = Debug|Win32
		{8CE8A15A-B0C1-4219-9A8D-5F1D7EEC2A4C}.Debug|x86.Build.0 = Debug|Win32
		{8CE8A15A-B0C1-4219-9A8D-5F1D7EEC2A4C}.Release|x64.ActiveCfg = Release|x64
		{8CE8A15A-B0C1-4219-9A8D-5F1D7EEC2A4C}.Release|x64.Build.0 = Release|x64
		{8CE8A15A-B0C1-4219-9A8D-5F1D7EEC2A4C}.Release|x86.ActiveCfg = Release|Win32
		{8CE8A15A-B0C1-4219-9A8D-5F1D7EEC2A4C}.Release|x86.Build.0 = Release|Win32
		{9119C0A9-B827-4C63-8F82-F8D050162817}.Debug|x64.ActiveCfg = Debug|x64
		{9119C0A9-B827-4C63-8F82-F8D050162817}.Debug|x64.Build.0 = Debug|x64
		{9119C0A9-B827-4C63-8F82-F8D050162817}.Debug|x86.ActiveCfg = Debug|Win32
		{9119C0A9-B827-4C63-8F82-F8D050162817}.Debug|x86.Build.0 = Debug|Win32
		{9119C0A9-B827-4C63-8F82-F8D050162817}.Release|x64.ActiveCfg = Release|x64
		{9119C0A9-B827-4C63-8F82-F8D050162817}.Release|x64.Build.0 = Release|x64
		{9119C0A9-B827-4C63-8F82-F8D050162817}.Release|x86.ActiveCfg = Release|Win32
		{9119C0A9-B827-4C63-8F82-F8D050162817}.Release|x86.Build.0 = Release|Win32
		{1CDA289A-ACBD-4752-BED8-9513FDCA139A}.Debug|x64.ActiveCfg = Debug|x64
		{1CDA289A-ACBD-4752-BED8-9513FDCA139A}.Debug|x64.Build.0 = Debug|x64
		{1CDA289A-ACBD-4752-BED8-9513FDCA139A}.Debug|x86.ActiveCfg = Debug|Win32
		{1CDA289A-ACBD-4752-BED8-9513FDCA139A}.Debug|x86.Build.0 = Debug|Win32
		{1CDA289A-ACBD-4752-BED8-9513FDCA139A}.Release|x64.ActiveCfg = Release|x64
		{1CDA289A-ACBD-4752-BED8-9513FDCA139A}.Release|x64.Build.0 = Release|x64
		{1CDA289A-ACBD-4752-BED8-9513FDCA139A}.Release|x86.ActiveCfg = Release|Win32
		{1CDA289A-ACBD-4752-BED8-9513FDCA139A}.Release|x86.Build.0 = Release|Win32
		{C7955538-70FC-4E28-9B2F-E06E5DE7562E}.Debug|x64.ActiveCfg = Debug|x64
		{C7955538-70FC-4E28-9B2F-E06E5DE7562E}.Debug|x64.Build.0 = Debug|x64
		{C7955538-70FC-4E28-9B2F-E06E5DE7562E}.Debug|x86.ActiveCfg = Debug|Win32
		{C7955538-70FC-4E28-9B2F-E06E5DE7562E}.Debug|x86.Build.0 = Debug|Win32
		{C7955538-70FC-4E28-9B2F-E06E5DE7562E}.Release|x64.ActiveCfg = Release|x64
		{C7955538-70FC-4E28-9B2F-E06E5DE7562E}.Release|x64.Build.0 = Release|x64
		{C7955538-70FC-4E28-9B2F-E06E5DE7562E}.Release|x86.ActiveCfg = Release|Win32
		{C7955538-70FC-4E28-9B2F-E06E5DE7562E}.Release|x86.Build.0 = Release|Win32
		{59235B25-865A-4865-8B3E-329CB1A938CE}.Debug|x64.ActiveCfg = Debug|x64
		{59235B25-865A-4865-8B3E-329CB1A938CE}.Debug|x64.Build.0 = Debug|x64
		{59235B25-865A-4865-8B3E-329CB1A938CE}.Debug|x86.ActiveCfg = Debug|Win32
		{59235B25-865A-4865-8B3E-329CB1A938CE}.Debug|x86.Build.0 = Debug|Win32
		{59235B25-865A-4865-8B3E-329CB1A938CE}.Release|x64.ActiveCfg = Release|x64
		{59235B25-865A-4865-8B3E-329CB1A938CE}.Release|x64.Build.0 = Release|x64
		{59235B25-865A-4865-8B3E-329CB1A938CE}.Release|x86.ActiveCfg = Release|Win32
		{59235B25-865A-4865-8B3E-329CB1A938CE}.Release|x86.Build.0 = Release|Win32
		{A24B145E-F3DD-4C4E-B1D3-DB165717D4EE}.Debug|x64.ActiveCfg = Debug|x64
		{A24B145E-F3DD-4C4E-B1D3-DB165717D4EE}.Debug|x64.Build.0 = Debug|x64
		{A24B145E-F3DD-4C4E-B1D3-DB165717D4EE}.Debug|x86.ActiveCfg = Debug|Win32
		{A24B145E-F3DD-4C4E-B1D3-DB165717D4EE}.Debug|x86.Build.0 = Debug|Win32
		{A24B145E-F3DD-4C4E-B1D3-DB165717D4EE}.Release|x64.ActiveCfg = Release|x64
		{A24B145E-F3DD-4C4E-B1D3-DB165717D4EE}.Release|x64.Build.0 = Release|x64
		{A24B145E-F3DD-4C4E-B1D3-DB165717D4EE}.Release|x86.ActiveCfg = Release|Win32
		{A24B145E-F3DD-4C4E-B1D3-DB165717D4EE}.Release|x86.Build.0 = Release|Win32
		{D1CE998A-1E63-4605-BF5F-53A1CE2E4194}.Debug|x64.ActiveCfg = Debug|x64
		{D1CE998A-1E63-4605-BF5F-53A1CE2E4194}.Debug|x64.Build.0 = Debug|x64
		{D1CE998A-1E63-4605-BF5F-53A1CE2E4194}.Debug|x86.ActiveCfg = Debug|Win32
		{D1CE998A-1E63-4605-BF5F-53A1CE2E4194}.Debug|x86.Build.0 = Debug|Win32
		{D1CE998A-1E63-4605-BF5F-53A1CE2E4194}.Release|x64.ActiveCfg = Release|x64
		{D1CE998A-1E63-4605-BF5F-53A1CE2E4194}.Release|x64.Build.0 = Release|x64
		{D1CE998A-1E63-4605-BF5F-53A1CE2E4194}.Release|x86.ActiveCfg = Release|Win32
		{D1CE998A-1E63-4605-BF5F-53A1CE2E4194}.Release|x86.Build.0 = Release|Win32
		{33474859-9C62-4EF6-A828-66A1108C52E1}.Debug|x64.ActiveCfg = Debug|x64
		{33474859-9C62-4EF6-A828-66A1108C52E1}.Debug|x64.Build.0 = Debug|x64
		{33474859-9C62-4EF6-A828-66A1108C52E1}.Debug|x86.ActiveCfg = Debug|Win32
		{33474859-9C62-4EF6-A828-66A1108C52E1}.Debug|x86.Build.0 = Debug|Win32
		{33474859-9C62-4EF6-A828-66A1108C52E1}.Release|x64.ActiveCfg = Release|x64
		{33474859-9C62-4EF6-A828-66A1108C52E1}.Release|x64.Build.0 = Release|x64
		{33474859-9C62-4EF6-A828-66A1108C52E1}.Release|x86.ActiveCfg = Release|Win32
		{33474859-9C62-4EF6-A828-66A1108C52E1}.Release|x86.Build.0 = Release|Win32
		{B8F8DF03-7A15-44F1-9009-1CA26D959097}.Debug|x64.ActiveCfg = Debug|x64
		{B8F8DF03-7A15-44F1-9009-1CA26D959097}.Debug|x64.Build.0 = Debug|x64
		{B8F8DF03-7A15-44F1-9009-1CA26D959097}.Debug|x86.ActiveCfg = Debug|Win32
		{B8F8DF03-7A15-44F1-9009-1CA26D959097}.Debug|x86.Build.0 = Debug|Win32
		{B8F8DF03-7A15-44F1-9009-1CA26D959097}.Release|x64.ActiveCfg = Release|x64
		{B8F8DF03-7A15-44F1-9009-1CA26D959097}.Release|x64.Build.0 = Release|x64
		{B8F8DF03-7A15-44F1-9009-1CA26D959097}.Release|x86.ActiveCfg = Release|Win32
		{B8F8DF03-7A15-44F1-9009-1CA26D959097}.Release|x86.Build.0 = Release|Win32
		{B9240BFF-D8D4-4C7F-A360-E8404FD2F23D}.Debug|x64.ActiveCfg = Debug|x64
		{B9240BFF-D8D4-4C7F-A360-E8404FD2F23D}.Debug|x64.Build.0 = Debug|x64
		{B9240BFF-D8D4-4C7F-A360-E8404FD2F23D}.Debug|x86.ActiveCfg = Debug|Win32
		{B9240BFF-D8D4-4C7F-A360-E8404FD2F23D}.Debug|x86.Build.0 = Debug|Win32
		{B9240BFF-D8D4-4C7F-A360-E8404FD2F23D}.Release|x64.ActiveCfg = Release|x64
		{B9240BFF-D8D4-4C7F-A360-E8404FD2F23D}.Release|x64.Build.0 = Release|x64
		{B9240BFF-D8D4-4C7F-A360-E8404FD2F23D}.Release|x86.ActiveCfg = Release|Win32
		{B9240BFF-D8D4-4C7F-A360-E8404FD2F23D}.Release|x86.Build.0 = Release|Win32
		{7F7810D4-066C-4006-A120-F08BDBB6856B}.Debug|x64.ActiveCfg = Debug|x64
		{7F7810D4-066C-4006-A120-F08BDBB6856B}.Debug|x64.Build.0 = Debug|x64
		{7F7810D4-066C-4006-A120-F08BDBB6856B}.Debug|x86.ActiveCfg = Debug|Win32
		{7F7810D4-066C-4006-A120-F08BDBB6856B}.Debug|x86.Build.0 = Debug|Win32
		{7F7810D4-066C-4006-A120-F08BDBB6856B}.Release|x64.ActiveCfg = Release|x64
		{7F7810D4-066C-4006-A120-F08BDBB6856B}.Release|x64.Build.0 = Release|x64
		{7F7810D4-066C-4006-A120-F08BDBB6856B}.Release|x86.ActiveCfg = Release|Win32
		{7F7810D4-066C-4006-A120-F08BDBB6856B}.Release|x86.Build.0 = Release|Win32
		{A8327A24-1515-402E-B2A1-2440606C5543}.Debug|x64.ActiveCfg = Debug|x64
		{A8327A24-1515-402E-B2A1-2440606C5543}.Debug|x64.Build.0 = Debug|x64
		{A8327A24-1515-402E-B2A1-2440606C5543}.Debug|x86.ActiveCfg = Debug|Win32
		{A8327A24-1515-402E-B2A1-2440606C5543}.Debug|x86.Build.0 = Debug|Win32
		{A8327A24-1515-402E-B2A1-2440606C5543}.Release|x64.ActiveCfg = Release|x64
		{A8327A24-1515-402E-B2A1-2440606C5543}.Release|x64.Build.0 = Release|x64
		{A8327A24-1515-402E-B2A1-2440606C5543}.Release|x86.ActiveCfg = Release|Win32
		{A8327A24-1515-402E-B2A1-2440606C5543}.Release|x86.Build.0 = Release|Win32
		{EAACBC91-16C6-4210-B2DD-C7B8ABD8028B}.Debug|x64.ActiveCfg = Debug|x64
		{EAACBC91-16C6-4210-B2DD-C7B8ABD8028B}.Debug|x64.Build.0 = Debug|x64
		{EAACBC91-16C6-4210-B2DD-C7B8ABD8028B}.Debug|x86.ActiveCfg = Debug|Win32
		{EAACBC91-16C6-4210-B2DD-C7B8ABD8028B}.Debug|x86.Build.0 = Debug|Win32
		{EAACBC91-16C6-4210-B2DD-C7B8ABD8028B}.Release|x64.ActiveCfg = Release|x64
		{EAACBC91-16C6-4210-B2DD-C7B8ABD8028B}.Release|x64.Build.0 = Release|x64
		{EAACBC91-16C6-4210-B2DD-C7B8ABD8028B}.Release|x86.ActiveCfg = Release|Win32
		{EAACBC91-16C6-4210-B2DD-C7B8ABD8028B}.Release|x86.Build.0 = Release|Win32
		{D8A908BC-C09D-459C-9F3E-BA422EA9E8A0}.Debug|x64.ActiveCfg = Debug|x64
		{D8A908BC-C09D-459C-9F3E-BA422EA9E8A0}.Debug|x64.Build.0 = Debug|x64
		{D8A908BC-C09D-459C-9F3E-BA422EA9E8A0}.Debug|x86.ActiveCfg = Debug|Win32
		{D8A908BC-C09D-459C-9F3E-BA422EA9E8A0}.Debug|x86.Build.0 = Debug|Win32
		{D8A908BC-C09D-459C-9F3E-BA422EA9E8A0}.Release|x64.ActiveCfg = Release|x64
		{D8A908BC-C09D-459C-9F3E-BA422EA9E8A0}.Release|x64.Build.0 = Release|x64
		{D8A908BC-C09D-459C-9F3E-BA422EA9E8A0}.Release|x86.ActiveCfg = Release|Win32
		{D8A908BC-C09D-459C-9F3E-BA422EA9E8A0}.Release|x86.Build.0 = Release|Win32
		{DD38E14E-337A-424F-BC09-2725C697B1F6}.Debug|x64.ActiveCfg = Debug|x64
		{DD38E14E-337A-424F-BC09-2725C697B1F6}.Debug|x64.Build.0 = Debug|x64
		{DD38E14E-337A-424F-BC09-2725C697B1F6}.Debug|x86.ActiveCfg = Debug|Win32
		{DD38E14E-337A-424F-BC09-2725C697B1F6}.Debug|x86.Build.0 = Debug|Win32
		{DD38E14E-337A-424F-BC09-2725C697B1F6}.Release|x64.ActiveCfg = Release|x64
		{DD38E14E-337A-424F-BC09-2725C697B1F6}.Release|x64.Build.0 = Release|x64
		{DD38E14E-337A-424F-BC09-2725C697B1F6}.Release|x86.ActiveCfg = Release|Win32
		{DD38E14E-337A-424F-BC09-2725C697B1F6}.Release|x86.Build.0 = Release|Win32
		{37C184C9-4D1B-49DA-91C3-645A37659E72}.Debug|x64.ActiveCfg = Debug|x64
		{37C184C9-4D1B-49DA-91C3-645A37659E72}.Debug|x64.Build.0 = Debug|x64
		{37C184C9-4D1B-49DA-91C3-645A37659E72}.Debug|x86.ActiveCfg = Debug|Win32
		{37C184C9-4D1B-49DA-91C3-645A37659E72}.Debug|x86.Build.0 = Debug|Win32
		{37C184C9-4D1B-49DA-91C3-645A37659E72}.Release|x64.ActiveCfg = Release|x64
		{37C184C9-4D1B-49DA-91C3-645A37659E72}.Release|x64.Build.0 = Release|x64
		{37C184C9-4D1B-49DA-91C3-645A37659E72}.Release|x86.ActiveCfg = Release|Win32
		{37C184C9-4D1B-49DA-91C3-645A37659E72}.Release|x86.Build.0 = Release|Win32
		{2D247C7C-9340-4A9F-85D2-AE5CCE9123D5}.Debug|x64.ActiveCfg = Debug|x64
		{2D247C7C-9340-4A9F-85D2-AE5CCE9123D5}.Debug|x64.Build.0 = Debug|x64
		{2D247C7C-9340-4A9F-85D2-AE5CCE9123D5}.Debug|x86.ActiveCfg = Debug|Win32
		{2D247C7C-9340-4A9F-85D2-AE5CCE9123D5}.Debug|x86.Build.0 = Debug|Win32
		{2D247C7C-9340-4A9F-85D2-AE5CCE9123D5}.Release|x64.ActiveCfg = Release|x64
		{2D247C7C-9340-4A9F-85D2-AE5CCE9123D5}.Release|x64.Build.0 = Release|x64
		{2D247C7C-9340-4A9F-85D2-AE5CCE9123D5}.Release|x86.ActiveCfg = Release|Win32
		{2D247C7C-9340-4A9F-85D2-AE5CCE9123D5}.Release|x86.Build.0 = Release|Win32
		{E9E60BF2-A7F8-4D12-BDAF-8C96ED2B82F0}.Debug|x64.ActiveCfg = Debug|x64
		{E9E60BF2-A7F8-4D12-BDAF-8C96ED2B82F0}.Debug|x64.Build.0 = Debug|x64
		{E9E60BF2-A7F8-4D12-BDAF-8C96ED2B82F0}.Debug|x86.ActiveCfg = Debug|Win32
		{E9E60BF2-A7F8-4D12-BDAF-8C96ED2B82F0}.Debug|x86.Build.0 = Debug|Win32
		{E9E60BF2-A7F8-4D12-BDAF-8C96ED2B82F0}.Release|x64.ActiveCfg = Release|x64
		{E9E60BF2-A7F8-4D12-BDAF-8C96ED2B82F0}.Release|x64.Build.0 = Release|x64
		{E9E60BF2-A7F8-4D12-BDAF-8C96ED2B82F0}.Release|x86.ActiveCfg = Release|Win32
		{E9E60BF2-A7F8-4D12-BDAF-8C96ED2B82F0}.Release|x86.Build.0 = Release|Win32
		{0B9EB2A6-DB76-4076-AABC-DA6663CA61EB}.Debug|x64.ActiveCfg = Debug|x64
		{0B9EB2A6-DB76-4076-AABC-DA6663CA61EB}.Debug|x64.Build.0 = Debug|x64
		{0B9EB2A6-DB76-4076-AABC-DA6663CA61EB}.Debug|x86.ActiveCfg = Debug|Win32
		{0B9EB2A6-DB76-4076-AABC-DA6663CA61EB}.Debug|x86.Build.0 = Debug|Win32
		{0B9EB2A6-DB76-4076-AABC-DA6663CA61EB}.Release|x64.ActiveCfg = Release|x64
		{0B9EB2A6-DB76-4076-AABC-DA6663CA61EB}.Release|x64.Build.0 = Release|x64
		{0B9EB2A6-DB76-4076-AABC-DA6663CA61EB}.Release|x86.ActiveCfg = Release|Win32
		{0B9EB2A6-DB76-4076-AABC-DA6663CA61EB}.Release|x86.Build.0 = Release|Win32
		{2F897E81-5303-48FC-8101-F4820448E575}.Debug|x64.ActiveCfg = Debug|x64
		{2F897E81-5303-48FC-8101-F4820448E575}.Debug|x64.Build.0 = Debug|x64
		{2F897E81-5303-48FC-8101-F4820448E575}.Debug|x86.ActiveCfg = Debug|Win32
		{2F897E81-5303-48FC-8101-F4820448E575}.Debug|x86.Build.0 = Debug|Win32
		{2F897E81-5303-48FC-8101-F4820448E575}.Release|x64.ActiveCfg = Release|x64
		{2F897E81-5303-48FC-8101-F4820448E575}.Release|x64.Build.0 = Release|x64
		{2F897E81-5303-48FC-8101-F4820448E575}.Release|x86.ActiveCfg = Release|Win32
		{2F897E81-5303-48FC-8101-F4820448E575}.Release|x86.Build.0 = Release|Win32
		{D44AD7B6-0F71-42A4-87B3-6EF409708E07}.Debug|x64.ActiveCfg = Debug|x64
		{D44AD7B6-0F71-42A4-87B3-6EF409708E07}.Debug|x64.Build.0 = Debug|x64
		{D44AD7B6-0F71-42A4-87B3-6EF409708E07}.Debug|x86.ActiveCfg = Debug|Win32
		{D44AD7B6-0F71-42A4-87B3-6EF409708E07}.Debug|x86.Build.0 = Debug|Win32
		{D44AD7B6-0F71-42A4-87B3-6EF409708E07}.Release|x64.ActiveCfg = Release|x64
		{D44AD7B6-0F71-42A4-87B3-6EF409708E07}.Release|x64.Build.0 = Release|x64
		{D44AD7B6-0F71-42A4-87B3-6EF409708E07}.Release|x86.ActiveCfg = Release|Win32
		{D44AD7B6-0F71-42A4-87B3-6EF409708E07}.Release|x86.Build.0 = Release|Win32
		{F14A6DFD-5A1C-44C7-961E-83903CB253BF}.Debug|x64.ActiveCfg = Debug|x64
		{F14A6DFD-5A1C-44C7-961E-83903CB253BF}.Debug|x64.Build.0 = Debug|x64
		{F14A6DFD-5A1C-44C7-961E-83903CB253BF}.Debug|x86.ActiveCfg = Debug|Win32
		{F14A6DFD-5A1C-44C7-961E-83903CB253BF}.Debug|x86.Build.0 = Debug|Win32
		{F14A6DFD-5A1C-44C7-961E-83903CB253BF}.Release|x64.ActiveCfg = Release|x64
		{F14A6DFD-5A1C-44C7-961E-83903CB253BF}.Release|x64.Build.0 = Release|x64
		{F14A6DFD-5A1C-44C7-961E-83903CB253BF}.Release|x86.ActiveCfg = Release|Win32
		{F14A6DFD-5A1C-44C7-961E-83903CB253BF}.Release|x86.Build.0 = Release|Win32
		{6FF64B60-9C14-4449-9F6C-6376B63CF984}.Debug|x64.ActiveCfg = Debug|x64
		{6FF64B60-9C14-4449-9F6C-6376B63CF984}.Debug|x64.Build.0 = Debug|x64
		{6FF64B60-9C14-4449-9F6C-6376B63CF984}.Debug|x86.ActiveCfg = Debug|Win32
		{6FF64B60-9C14-4449-9F6C-6376B63CF984}.Debug|x86.Build.0 = Debug|Win32
		{6FF64B60-9C14-4449-9F6C-6376B63CF984}.Release|x64.ActiveCfg = Release|x64
		{6FF64B60-9C14-4449-9F6C-6376B63CF984}.Release|x64.Build.0 = Release|x64
		{6FF64B60-9C14-4449-9F6C-6376B63CF984}.Release|x86.ActiveCfg = Release|Win32
		{6FF64B60-9C14-4449-9F6C-6376B63CF984}.Release|x86.Build.0 = Release|Win32
		{109A96C8-2F67-4E69-8206-9DAF5E00E7D9}.Debug|x64.ActiveCfg = Debug|x64
		{109A96C8-2F67-4E69-8206-9DAF5E00E7D9}.Debug|x64.Build.0 = Debug|x64
		{109A96C8-2F67-4E69-8206-9DAF5E00E7D9}.Debug|x86.ActiveCfg = Debug|Win32
		{109A96C8-2F67-4E69-8206-9DAF5E00E7D9}.Debug|x86.Build.0 = Debug|Win32
		{109A96C8-2F67-4E69-8206-9DAF5E00E7D9}.Release|x64.ActiveCfg = Release|x64
		{109A96C8-2F67-4E69-8206-9DAF5E00E7D9}.Release|x64.Build.0 = Release|x64
		{109A96C8-2F67-4E69-8206-9DAF5E00E7D9}.Release|x86.ActiveCfg = Release|Win32
		{109A96C8-2F67-4E69-8206-9DAF5E00E7D9}.Release|x86.Build.0 = Release|Win32
		{0EF35D8C-A340-4836-BD8B-4D8D6D6494D2}.Debug|x64.ActiveCfg = Debug|x64
		{0EF35D8C-A340-4836-BD8B-4D8D6D6494D2}.Debug|x64.Build.0 = Debug|x64
		{0EF35D8C-A340-4836-BD8B-4D8D6D6494D2}.Debug|x86.ActiveCfg = Debug|Win32
		{0EF35D8C-A340-4836-BD8B-4D8D6D6494D2}.Debug|x86.Build.0 = Debug|Win32
		{0EF35D8C-A340-4836-BD8B-4D8D6D6494D2}.Release|x64.ActiveCfg = Release|x64
		{0EF35D8C-A340-4836-BD8B-4D8D6D6494D2}.Release|x64.Build.0 = Release|x64
		{0EF35D8C-A340-4836-BD8B-4D8D6D6494D2}.Release|x86.ActiveCfg = Release|Win32
		{0EF35D8C-A340-4836-BD8B-4D8D6D6494D2}.Release|x86.Build.0 = Release|Win32
		{7357761E-7177-4A29-A8C7-E74F76D79C6F}.Debug|x64.ActiveCfg = Debug|x64
		{7357761E-7177-4A29-A8C7-E74F76D79C6F}.Debug|x64.Build.0 = Debug|x64
		{7357761E-7177-4A29-A8C7-E74F76D79C6F}.Debug|x86.ActiveCfg = Debug|Win32
		{7357761E-7177-4A29-A8C7-E74F76D79C6F}.Debug|x86.Build.0 = Debug|Win32
		{7357761E-7177-4A29-A8C7-E74F76D79C6F}.Release|x64.ActiveCfg = Release|x64
		{7357761E-7177-4A29-A8C7-E74F76D79C6F}.Release|x64.Build.0 = Release|x64
		{7357761E-7177-4A29-A8C7-E74F76D79C6F}.Release|x86.ActiveCfg = Release|Win32
		{7357761E-7177-4A29-A8C7-E74F76D79C6F}.Release|x86.Build.0 = Release|Win32
		{4F7F2970-A102-4A3B-AF08-EA75D6E2D48C}.Debug|x64.ActiveCfg = Debug|x64
		{4F7F2970-A102-4A3B-AF08-EA75D6E2D48C}.Debug|x64.Build.0 = Debug|x64
		{4F7F2970-A102-4A3B-AF08-EA75D6E2D48C}.Debug|x86.ActiveCfg = Debug|Win32
		{4F7F2970-A102-4A3B-AF08-EA75D6E2D48C}.Debug|x86.Build.0 = Debug|Win32
		{4F7F2970-A102-4A3B-AF08-EA75D6E2D48C}.Release|x64.ActiveCfg = Release|x64
		{4F7F2970-A102-4A3B-AF08-EA75D6E2D48C}.Release|x64.Build.0 = Release|x64
		{4F7F2970-A102-4A3B-AF08-EA75D6E2D48C}.Release|x86.ActiveCfg = Release|Win32
		{4F7F2970-A102-4A3B-AF08-EA75D6E2D48C}.Release|x86.Build.0 = Release|Win32
		{D26B785D-2B00-48EC-B551-234C56E51498}.Debug|x64.ActiveCfg = Debug|x64
		{D26B785D-2B00-48EC-B551-234C56E51498}.Debug|x64.Build.0 = Debug|x64
		{D26B785D-2B00-48EC-B551-234C56E51498}.Debug|x86.ActiveCfg = Debug|Win32
		{D26B785D-2B00-48EC-B551-234C56E51498}.Debug|x86.Build.0 = Debug|Win32
		{D26B785D-2B00-48EC-B551-234C56E51498}.Release|x64.ActiveCfg = Release|x64
		{D26B785D-2B00-48EC-B551-234C56E51498}.Release|x64.Build.0 = Release|x64
		{D26B785D-2B00-48EC-B551-234C56E51498}.Release|x86.ActiveCfg = Release|Win32
		{D26B785D-2B00-48EC-B551-234C56E51498}.Release|x86.Build.0 = Release|Win32
		{D0CFAF69-DB7D-4F12-A0F2-6BAC68BCE6B2}.Debug|x64.ActiveCfg = Debug|x64
		{D0CFAF69-DB7D-4F12-A0F2-6BAC68BCE6B2}.Debug|x64.Build.0 = Debug|x64
		{D0CFAF69-DB7D-4F12-A0F2-6BAC68BCE6B2}.Debug|x86.ActiveCfg = Debug|Win32
		{D0CFAF69-DB7D-4F12-A0F2-6BAC68BCE6B2}.Debug|x86.Build.0 = Debug|Win32
		{D0CFAF69-DB7D-4F12-A0F2-6BAC68BCE6B2}.Release|x64.ActiveCfg = Release|x64
		{D0CFAF69-DB7D-4F12-A0F2-6BAC68BCE6B2}.Release|x64.Build.0 = Release|x64
		{D0CFAF69-DB7D-4F12-A0F2-6BAC68BCE6B2}.Release|x86.ActiveCfg = Release|Win32
		{D0CFAF69-DB7D-4F12-A0F2-6BAC68BCE6B2}.Release|x86.Build.0 = Release|Win32
		{36CD609A-8355-466C-ADEB-B3CBEEEB37FC}.Debug|x64.ActiveCfg = Debug|x64
		{36CD609A-8355-466C-ADEB-B3CBEEEB37FC}.Debug|x64.Build.0 = Debug|x64
		{36CD609A-8355-466C-ADEB-B3CBEEEB37FC}.Debug|x86.ActiveCfg = Debug|Win32
		{36CD609A-8355-466C-ADEB-B3CBEEEB37FC}.Debug|x86.Build.0 = Debug|Win32
		{36CD609A-8355-466C-ADEB-B3CBEEEB37FC}.Release|x64.ActiveCfg = Release|x64
		{36CD609A-8355-466C-ADEB-B3CBEEEB37FC}.Release|x64.Build.0 = Release|x64
		{36CD609A-8355-466C-ADEB-B3CBEEEB37FC}.Release|x86.ActiveCfg = Release|Win32
		{36CD609A-8355-466C-ADEB-B3CBEEEB37FC}.Release|x86.Build.0 = Release|Win32
		{128A0FD0-71E6-4663-92D0-E478172F6F26}.Debug|x64.ActiveCfg = Debug|x64
		{128A0FD0-71E6-4663-92D0-E478172F6F26}.Debug|x64.Build.0 = Debug|x64
		{128A0FD0-71E6-4663-92D0-E478172F6F26}.Debug|x86.ActiveCfg = Debug|Win32
		{128A0FD0-71E6-4663-92D0-E478172F6F26}.Debug|x86.Build.0 = Debug|Win32
		{128A0FD0-71E6-4663-92D0-E478172F6F26}.Release|x64.ActiveCfg = Release|x64
		{128A0FD0-71E6-4663-92D0-E478172F6F26}.Release|x64.Build.0 = Release|x64
		{128A0FD0-71E6-4663-92D0-E478172F6F26}.Release|x86.ActiveCfg = Release|Win32
		{128A0FD0-71E6-4663-92D0-E478172F6F26}.Release|x86.Build.0 = Release|Win32
		{0BFE477D-E790-4417-8204-8F1D92E9AF28}.Debug|x64.ActiveCfg = Debug|x64
		{0BFE477D-E790-4417-8204-8F1D92E9AF28}.Debug|x64.Build.0 = Debug|x64
		{0BFE477D-E790-4417-8204-8F1D92E9AF28}.Debug|x86.ActiveCfg = Debug|Win32
		{0BFE477D-E790-4417-8204-8F1D92E9AF28}.Debug|x86.Build.0 = Debug|Win32
		{0BFE477D-E790-4417-8204-8F1D92E9AF28}.Release|x64.ActiveCfg = Release|x64
		{0BFE477D-E790-4417-8204-8F1D92E9AF28}.Release|x64.Build.0 = Release|x64
		{0BFE477D-E790-4417-8204-8F1D92E9AF28}.Release|x86.ActiveCfg = Release|Win32
		{0BFE477D-E790-4417-8204-8F1D92E9AF28}.Release|x86.Build.0 = Release|Win32
		{F658D900-2F2B-4AF5-823B-6CE9B0B49929}.Debug|x64.ActiveCfg = Debug|x64
		{F658D900-2F2B-4AF5-823B-6CE9B0B49929}.Debug|x64.Build.0 = Debug|x64
		{F658D900-2F2B-4AF5-823B-6CE9B0B49929}.Debug|x86.ActiveCfg = Debug|Win32
		{F658D900-2F2B-4AF5-823B-6CE9B0B49929}.Debug|x86.Build.0 = Debug|Win32
		{F658D900-2F2B-4AF5-823B-6CE9B0B49929}.Release|x64.ActiveCfg = Release|x64
		{F658D900-2F2B-4AF5-823B-6CE9B0B49929}.Release|x64.Build.0 = Release|x64
		{F658D900-2F2B-4AF5-823B-6CE9B0B49929}.Release|x86.ActiveCfg = Release|Win32
		{F658D900-2F2B-4AF5-823B-6CE9B0B49929}.Release|x86.Build.0 = Release|Win32
		{13DF3CB1-B838-42F0-A39A-D50FD6F067E7}.Debug|x64.ActiveCfg = Debug|x64
		{13DF3CB1-B838-42F0-A39A-D50FD6F067E7}.Debug|x64.Build.0 = Debug|x64
		{13DF3CB1-B838-42F0-A39A-D50FD6F067E7}.Debug|x86.ActiveCfg = Debug|Win32
		{13DF3CB1-B838-42F0-A39A-D50FD6F067E7}.Debug|x86.Build.0 = Debug|Win32
		{13DF3CB1-B838-42F0-A39A-D50FD6F067E7}.Release|x64.ActiveCfg = Release|x64
		{13DF3CB1-B838-42F0-A39A-D50FD6F067E7}.Release|x64.Build.0 = Release|x64
		{13DF3CB1-B838-42F0-A39A-D50FD6F067E7}.Release|x86.ActiveCfg = Release|Win32
		{13DF3CB1-B838-42F0-A39A-D50FD6F067E7}.Release|x86.Build.0 = Release|Win32
		{A45A8D91-4665-48C0-A4D1-8F026A400F0D}.Debug|x64.ActiveCfg = Debug|x64
		{A45A8D91-4665-48C0-A4D1-8F026A400F0D}.Debug|x64.Build.0 = Debug|x64
		{A45A8D91-4665-48C0-A4D1-8F026A400F0D}.Debug|x86.ActiveCfg = Debug|Win32
		{A45A8D91-4665-48C0-A4D1-8F026A400F0D}.Debug|x86.Build.0 = Debug|Win32
		{A45A8D91-4665-48C0-A4D1-8F026A400F0D}.Release|x64.ActiveCfg = Release|x64
		{A45A8D91-4665-48C0-A4D1-8F026A400F0D}.Release|x64.Build.0 = Release|x64
		{A45A8D91-4665-48C0-A4D1-8F026A400F0D}.Release|x86.ActiveCfg = Release|Win32
		{A45A8D91-4665-48C0-A4D1-8F026A400F0D}.Release|x86.Build.0 = Release|Win32
		{16895C94-8488-495F-9783-F05AAAA5F570}.Debug|x64.ActiveCfg = Debug|x64
		{16895C94-8488-495F-9783-F05AAAA5F570}.Debug|x64.Build.0 = Debug|x64
		{16895C94-8488-495F-9783-F05AAAA5F570}.Debug|x86.ActiveCfg = Debug|Win32
		{16895C94-8488-495F-9783-F05AAAA5F570}.Debug|x86.Build.0 = Debug|Win32
		{16895C94-8488-495F-9783-F05AAAA5F570}.Release|x64.ActiveCfg = Release|x64
		{16895C94-8488-495F-9783-F05AAAA5F570}.Release|x64.Build.0 = Release|x64
		{16895C94-8488-495F-9783-F05AAAA5F570}.Release|x86.ActiveCfg = Release|Win32
		{16895C94-8488-495F-9783-F05AAAA5F570}.Release|x86.Build.0 = Release|Win32
		{68309315-6EF4-4618-BBF6-7EDB3505ACD3}.Debug|x64.ActiveCfg = Debug|x64
		{68309315-6EF4-4618-BBF6-7EDB3505ACD3}.Debug|x64.Build.0 = Debug|x64
		{68309315-6EF4-4618-BBF6-7EDB3505ACD3}.Debug|x86.ActiveCfg = Debug|Win32
		{68309315-6EF4-4618-BBF6-7EDB3505ACD3}.Debug|x86.Build.0 = Debug|Win32
		{68309315-6EF4-4618-BBF6-7EDB3505ACD3}.Release|x64.ActiveCfg = Release|x64
		{68309315-6EF4-4618-BBF6-7EDB3505ACD3}.Release|x64.Build.0 = Release|x64
		{68309315-6EF4-4618-BBF6-7EDB3505ACD3}.Release|x86.ActiveCfg = Release|Win32
		{68309315-6EF4-4618-BBF6-7EDB3505ACD3}.Release|x86.Build.0 = Release|Win32
		{106190EC-91F0-4531-9EDB-0CECC7E26F35}.Debug|x64.ActiveCfg = Debug|x64
		{106190EC-91F0-4531-9EDB-0CECC7E26F35}.Debug|x64.Build.0 = Debug|x64
		{106190EC-91F0-4531-9EDB-0CECC7E26F35}.Debug|x86.ActiveCfg = Debug|Win32
		{106190EC-91F0-4531-9EDB-0CECC7E26F35}.Debug|x86.Build.0 = Debug|Win32
		{106190EC-91F0-4531-9EDB-0CECC7E26F35}.Release|x64.ActiveCfg = Release|x64
		{106190EC-91F0-4531-9EDB-0CECC7E26F35}.Release|x64.Build.0 = Release|x64
		{106190EC-91F0-4531-9EDB-0CECC7E26F35}.Release|x86.ActiveCfg = Release|Win32
		{106190EC-91F0-4531-9EDB-0CECC7E26F35}.Release|x86.Build.0 = Release|Win32
		{F03407AD-7D51-4AB6-AF37-ABC8E6042F82}.Debug|x64.ActiveCfg = Debug|x64
		{F03407AD-7D51-4AB6-AF37-ABC8E6042F82}.Debug|x64.Build.0 = Debug|x64
		{F03407AD-7D51-4AB6-AF37-ABC8E6042F82}.Debug|x86.ActiveCfg = Debug|Win32
		{F03407AD-7D51-4AB6-AF37-ABC8E6042F82}.Debug|x86.Build.0 = Debug|Win32
		{F03407AD-7D51-4AB6-AF37-ABC8E6042F82}.Release|x64.ActiveCfg = Release|x64
		{F03407AD-7D51-4AB6-AF37-ABC8E6042F82}.Release|x64.Build.0 = Release|x64
		{F03407AD-7D51-4AB6-AF37-ABC8E6042F82}.Release|x86.ActiveCfg = Release|Win32
		{F03407AD-7D51-4AB6-AF37-ABC8E6042F82}.Release|x86.Build.0 = Release|Win32
		{C3FDA0F2-7C1B-448F-A90F-9A4630971522}.Debug|x64.ActiveCfg = Debug|x64
		{C3FDA0F2-7C1B-448F-A90F-9A4630971522}.Debug|x64.Build.0 = Debug|x64
		{C3FDA0F2-7C1B-448F-A90F-9A4630971522}.Debug|x86.ActiveCfg = Debug|Win32
		{C3FDA0F2-7C1B-448F-A90F-9A4630971522}.Debug|x86.Build.0 = Debug|Win32
		{C3FDA0F2-7C1B-448F-A90F-9A4630971522}.Release|x64.ActiveCfg = Release|x64
		{C3FDA0F2-7C1B-448F-A90F-9A4630971522}.Release|x64.Build.0 = Release|x64
		{C3FDA0F2-7C1B-448F-A90F-9A4630971522}.Release|x86.ActiveCfg = Release|Win32
		{C3FDA0F2-7C1B-448F-A90F-9A4630971522}.Release|x86.Build.0 = Release|Win32
		{D0411E13-F686-4426-9B41-9C00306AFB22}.Debug|x64.ActiveCfg = Debug|x64
		{D0411E13-F686-4426-9B41-9C00306AFB22}.Debug|x64.Build.0 = Debug|x64
		{D0411E13-F686-4426-9B41-9C00306AFB22}.Debug|x86.ActiveCfg = Debug|Win32
		{D0411E13-F686-4426-9B41-9C00306AFB22}.Debug|x86.Build.0 = Debug|Win32
		{D0411E13-F686-4426-9B41-9C00306AFB22}.Release|x64.ActiveCfg = Release|x64
		{D0411E13-F686-4426-9B41-9C00306AFB22}.Release|x64.Build.0 = Release|x64
		{D0411E13-F686-4426-9B41-9C00306AFB22}.Release|x86.ActiveCfg = Release|Win32
		{D0411E13-F686-4426-9B41-9C00306AFB22}.Release|x86.Build.0 = Release|Win32
		{F7DFFE63-19E9-4BAF-A191-1E31EB20C1E6}.Debug|x64.ActiveCfg = Debug|x64
		{F7DFFE63-19E9-4BAF-A191-1E31EB20C1E6}.Debug|x64.Build.0 = Debug|x64
		{F7DFFE63-19E9-4BAF-A191-1E31EB20C1E6}.Debug|x86.ActiveCfg = Debug|Win32
		{F7DFFE63-19E9-4BAF-A191-1E31EB20C1E6}.Debug|x86.Build.0 = Debug|Win32
		{F7DFFE63-19E9-4BAF-A191-1E31EB20C1E6}.Release|x64.ActiveCfg = Release|x64
		{F7DFFE63-19E9-4BAF-A191-1E31EB20C1E6}.Release|x64.Build.0 = Release|x64
		{F7DFFE63-19E9-4BAF-A191-1E31EB20C1E6}.Release|x86.ActiveCfg = Release|Win32
		{F7DFFE63-19E9-4BAF-A191-1E31EB20C1E6}.Release|x86.Build.0 = Release|Win32
		{15248312-5F4D-4F3D-8127-2BB2E8AF3CD5}.Debug|x64.ActiveCfg = Debug|x64
		{15248312-5F4D-4F3D-8127-2BB2E8AF3CD5}.Debug|x64.Build.0 = Debug|x64
		{15248312-5F4D-4F3D-8127-2BB2E8AF3CD5}.Debug|x86.ActiveCfg = Debug|Win32
		{15248312-5F4D-4F3D-8127-2BB2E8AF3CD5}.Debug|x86.Build.0 = Debug|Win32
		{15248312-5F4D-4F3D-8127-2BB2E8AF3CD5}.Release|x64.ActiveCfg = Release|x64
		{15248312-5F4D-4F3D-8127-2BB2E8AF3CD5}.Release|x64.Build.0 = Release|x64
		{15248312-5F4D-4F3D-8127-2BB2E8AF3CD5}.Release|x86.ActiveCfg = Release|Win32
		{15248312-5F4D-4F3D-8127-2BB2E8AF3CD5}.Release|x86.Build.0 = Release|Win32
		{4E9578D3-FB4D-4BA3-9FAC-A561441F9C7F}.Debug|x64.ActiveCfg = Debug|x64
		{4E9578D3-FB4D-4BA3-9FAC-A561441F9C7F}.Debug|x64.Build.0 = Debug|x64
		{4E9578D3-FB4D-4BA3-9FAC-A561441F9C7F}.Debug|x86.ActiveCfg = Debug|Win32
		{4E9578D3-FB4D-4BA3-9FAC-A561441F9C7F}.Debug|x86.Build.0 = Debug|Win32
		{4E9578D3-FB4D-4BA3-9FAC-A561441F9C7F}.Release|x64.ActiveCfg = Release|x64
		{4E9578D3-FB4D-4BA3-9FAC-A561441F9C7F}.Release|x64.Build.0 = Release|x64
		{4E9578D3-FB4D-4BA3-9FAC-A561441F9C7F}.Release|x86.ActiveCfg = Release|Win32
		{4E9578D3-FB4D-4BA3-9FAC-A561441F9C7F}.Release|x86.Build.0 = Release|Win32
		{B29B4F78-C7F1-43D8-9C96-8B2656DF4152}.Debug|x64.ActiveCfg = Debug|x64
		{B29B4F78-C7F1-43D8-9C96-8B2656DF4152}.Debug|x64.Build.0 = Debug|x64
		{B29B4F78-C7F1-43D8-9C96-8B2656DF4152}.Debug|x86.ActiveCfg = Debug|Win32
		{B29B4F78-C7F1-43D8-9C96-8B2656DF4152}.Debug|x86.Build.0 = Debug|Win32
		{B29B4F78-C7F1-43D8-9C96-8B2656DF4152}.Release|x64.ActiveCfg = Release|x64
		{B29B4F78-C7F1-43D8-9C96-8B2656DF4152}.Release|x64.Build.0 = Release|x64
		{B29B4F78-C7F1-43D8-9C96-8B2656DF4152}.Release|x86.ActiveCfg = Release|Win32
		{B29B4F78-C7F1-43D8-9C96-8B2656DF4152}.Release|x86.Build.0 = Release|Win32
		{0508ED55-246E-4FD8-8B43-B23839F0A96C}.Debug|x64.ActiveCfg = Debug|x64
		{0508ED55-246E-4FD8-8B43-B23839F0A96C}.Debug|x64.Build.0 = Debug|x64
		{0508ED55-246E-4FD8-8B43-B23839F0A96C}.Debug|x86.ActiveCfg = Debug|Win32
		{0508ED55-246E-4FD8-8B43-B23839F0A96C}.Debug|x86.Build.0 = Debug|Win32
		{0508ED55-246E-4FD8-8B43-B23839F0A96C}.Release|x64.ActiveCfg = Release|x64
		{0508ED55-246E-4FD8-8B43-B23839F0A96C}.Release|x64.Build.0 = Release|x64
		{0508ED55-246E-4FD8-8B43-B23839F0A96C}.Release|x86.ActiveCfg = Release|Win32
		{0508ED55-246E-4FD8-8B43-B23839F0A96C}.Release|x86.Build.0 = Release|Win32
		{82C5B599-13AA-44B5-A06C-2579816DF6CB}.Debug|x64.ActiveCfg = Debug|x64
		{82C5B599-13AA-44B5-A06C-2579816DF6CB}.Debug|x64.Build.0 = Debug|x64
		{82C5B599-13AA-44B5-A06C-2579816DF6CB}.Debug|x86.ActiveCfg = Debug|Win32
		{82C5B599-13AA-44B5-A06C-2579816DF6CB}.Debug|x86.Build.0 = Debug|Win32
		{82C5B599-13AA-44B5-A06C-2579816DF6CB}.Release|x64.ActiveCfg = Release|x64
		{82C5B599-13AA-44B5-A06C-2579816DF6CB}.Release|x64.Build.0 = Release|x64
		{82C5B599-13AA-44B5-A06C-2579816DF6CB}.Release|x86.ActiveCfg = Release|Win32
		{82C5B599-13AA-44B5-A06C-2579816DF6CB}.Release|x86.Build.0 = Release|Win32
		{3B608F33-9765-482F-A1F8-BDD83381FB1D}.Debug|x64.ActiveCfg = Debug|x64
		{3B608F33-9765-482F-A1F8-BDD83381FB1D}.Debug|x64.Build.0 = Debug|x64
		{3B608F33-9765-482F-A1F8-BDD83381FB1D}.Debug|x86.ActiveCfg = Debug|Win32
		{3B608F33-9765-482F-A1F8-BDD83381FB1D}.Debug|x86.Build.0 = Debug|Win32
		{3B608F33-9765-482F-A1F8-BDD83381FB1D}.Release|x64.ActiveCfg = Release|x64
		{3B608F33-9765-482F-A1F8-BDD83381FB1D}.Release|x64.Build.0 = Release|x64
		{3B608F33-9765-482F-A1F8-BDD83381FB1D}.Release|x86.ActiveCfg = Release|Win32
		{3B608F33-9765-482F-A1F8-BDD83381FB1D}.Release|x86.Build.0 = Release|Win32
		{F1CA3876-CB60-440A-BF9C-175D720BD53F}.Debug|x64.ActiveCfg = Debug|x64
		{F1CA3876-CB60-440A-BF9C-175D720BD53F}.Debug|x64.Build.0 = Debug|x64
		{F1CA3876-CB60-440A-BF9C-175D720BD53F}.Debug|x86.ActiveCfg = Debug|Win32
		{F1CA3876-CB60-440A-BF9C-175D720BD53F}.Debug|x86.Build.0 = Debug|Win32
		{F1CA3876-CB60-440A-BF9C-175D720BD53F}.Release|x64.ActiveCfg = Release|x64
		{F1CA3876-CB60-440A-BF9C-175D720BD53F}.Release|x64.Build.0 = Release|x64
		{F1CA3876-CB60-440A-BF9C-175D720BD53F}.Release|x86.ActiveCfg = Release|Win32
		{F1CA3876-CB60-440A-BF9C-175D720BD53F}.Release|x86.Build.0 = Release|Win32
		{0C620AA9-8891-4B21-A96B-C7EBF95E35DF}.Debug|x64.ActiveCfg = Debug|x64
		{0C620AA9-8891-4B21-A96B-C7EBF95E35DF}.Debug|x64.Build.0 = Debug|x64
		{0C620AA9-8891-4B21-A96B-C7EBF95E35DF}.Debug|x86.ActiveCfg = Debug|Win32
		{0C620AA9-8891-4B21-A96B-C7EBF95E35DF}.Debug|x86.Build.0 = Debug|Win32
		{0C620AA9-8891-4B21-A96B-C7EBF95E35DF}.Release|x64.ActiveCfg = Release|x64
		{0C620AA9-8891-4B21-A96B-C7EBF95E35DF}.Release|x64.Build.0 = Release|x64
		{0C620AA9-8891-4B21-A96B-C7EBF95E35DF}.Release|x86.ActiveCfg = Release|Win32
		{0C620AA9-8891-4B21-A96B-C7EBF95E35DF}.Release|x86.Build.0 = Release|Win32
		{01179071-0CBE-418B-909C-0D4BC6837382}.Debug|x64.ActiveCfg = Debug|x64
		{01179071-0CBE-418B-909C-0D4BC6837382}.Debug|x64.Build.0 = Debug|x64
		{01179071-0CBE-418B-909C-0D4BC6837382}.Debug|x86.ActiveCfg = Debug|Win32
		{01179071-0CBE-418B-909C-0D4BC6837382}.Debug|x86.Build.0 = Debug|Win32
		{01179071-0CBE-418B-909C-0D4BC6837382}.Release|x64.ActiveCfg = Release|x64
		{01179071-0CBE-418B-909C-0D4BC6837382}.Release|x64.Build.0 = Release|x64
		{01179071-0CBE-418B-909C-0D4BC6837382}.Release|x86.ActiveCfg = Release|Win32
		{01179071-0CBE-418B-909C-0D4BC6837382}.Release|x86.Build.0 = Release|Win32
		{0FD017F1-A4DA-4709-A9F1-F9BBED56A949}.Debug|x64.ActiveCfg = Debug|x64
		{0FD017F1-A4DA-4709-A9F1-F9BBED56A949}.Debug|x64.Build.0 = Debug|x64
		{0FD017F1-A4DA-4709-A9F1-F9BBED56A949}.Debug|x86.ActiveCfg = Debug|Win32
		{0FD017F1-A4DA-4709-A9F1-F9BBED56A949}.Debug|x86.Build.0 = Debug|Win32
		{0FD017F1-A4DA-4709-A9F1-F9BBED56A949}.Release|x64.ActiveCfg = Release|x64
		{0FD017F1-A4DA-4709-A9F1-F9BBED56A949}.Release|x64.Build.0 = Release|x64
		{0FD017F1-A4DA-4709-A9F1-F9BBED56A949}.Release|x86.ActiveCfg = Release|Win32
		{0FD017F1-A4DA-4709-A9F1-F9BBED56A949}.Release|x86.Build.0 = Release|Win32
		{1F25E517-4844-4EF6-A3EA-49360EB28FCE}.Debug|x64.ActiveCfg = Debug|x64
		{1F25E517-4844-4EF6-A3EA-49360EB28FCE}.Debug|x64.Build.0 = Debug|x64
		{1F25E517-4844-4EF6-A3EA-49360EB28FCE}.Debug|x86.ActiveCfg = Debug|Win32
		{1F25E517-4844-4EF6-A3EA-49360EB28FCE}.Debug|x86.Build.0 = Debug|Win32
		{1F25E517-4844-4EF6-A3EA-49360EB28FCE}.Release|x64.ActiveCfg = Release|x64
		{1F25E517-4844-4EF6-A3EA-49360EB28FCE}.Release|x64.Build.0 = Release|x64
		{1F25E517-4844-4EF6-A3EA-49360EB28FCE}.Release|x86.ActiveCfg = Release|Win32
		{1F25E517-4844-4EF6-A3EA-49360EB28FCE}.Release|x86.Build.0 = Release|Win32
		{2B4D7833-DF43-4F21-819B-B3C8FBA94340}.Debug|x64.ActiveCfg = Debug|x64
		{2B4D7833-DF43-4F21-819B-B3C8FBA94340}.Debug|x64.Build.0 = Debug|x64
		{2B4D7833-DF43-4F21-819B-B3C8FBA94340}.Debug|x86.ActiveCfg = Debug|Win32
		{2B4D7833-DF43-4F21-819B-B3C8FBA94340}.Debug|x86.Build.0 = Debug|Win32
		{2B4D7833-DF43-4F21-819B-B3C8FBA94340}.Release|x64.ActiveCfg = Release|x64
		{2B4D7833-DF43-4F21-819B-B3C8FBA94340}.Release|x64.Build.0 = Release|x64
		{2B4D7833-DF43-4F21-819B-B3C8FBA94340}.Release|x86.ActiveCfg = Release|Win32
		{2B4D7833-DF43-4F21-819B-B3C8FBA94340}.Release|x86.Build.0 = Release|Win32
		{F3F118B6-2412-438E-8CAF-E6D4FFBAFF29}.Debug|x64.ActiveCfg = Debug|x64
		{F3F118B6-2412-438E-8CAF-E6D4FFBAFF29}.Debug|x64.Build.0 = Debug|x64
		{F3F118B6-2412-438E-8CAF-E6D4FFBAFF29}.Debug|x86.ActiveCfg = Debug|Win32
		{F3F118B6-2412-438E-8CAF-E6D4FFBAFF29}.Debug|x86.Build.0 = Debug|Win32
		{F3F118B6-2412-438E-8CAF-E6D4FFBAFF29}.Release|x64.ActiveCfg = Release|x64
		{F3F118B6-2412-438E-8CAF-E6D4FFBAFF29}.Release|x64.Build.0 = Release|x64
		{F3F118B6-2412-438E-8CAF-E6D4FFBAFF29}.Release|x86.ActiveCfg = Release|Win32
		{F3F118B6-2412-438E-8CAF-E6D4FFBAFF29}.Release|x86.Build.0 = Release|Win32
		{70AE43AD-4A1F-400D-B760-A3BCE1F6FDC2}.Debug|x64.ActiveCfg = Debug|x64
		{70AE43AD-4A1F-400D-B760-A3BCE1F6FDC2}.Debug|x64.Build.0 = Debug|x64
		{70AE43AD-4A1F-400D-B760-A3BCE1F6FDC2}.Debug|x86.ActiveCfg = Debug|Win32
		{70AE43AD-4A1F-400D-B760-A3BCE1F6FDC2}.Debug|x86.Build.0 = Debug|Win32
		{70AE43AD-4A1F-400D-B760-A3BCE1F6FDC2}.Release|x64.ActiveCfg = Release|x64
		{70AE43AD-4A1F-400D-B760-A3BCE1F6FDC2}.Release|x64.Build.0 = Release|x64
		{70AE43AD-4A1F-400D-B760-A3BCE1F6FDC2}.Release|x86.ActiveCfg = Release|Win32
		{70AE43AD-4A1F-400D-B760-A3BCE1F6FDC2}.Release|x86.Build.0 = Release|Win32
		{9F534DF4-F58C-432C-BE63-054C76CEF8B6}.Debug|x64.ActiveCfg = Debug|x64
		{9F534DF4-F58C-432C-BE63-054C76CEF8B6}.Debug|x64.Build.0 = Debug|x64
		{9F534DF4-F58C-432C-BE63-054C76CEF8B6}.Debug|x86.ActiveCfg = Debug|Win32
		{9F534DF4-F58C-432C-BE63-054C76CEF8B6}.Debug|x86.Build.0 = Debug|Win32
		{9F534DF4-F58C-432C-BE63-054C76CEF8B6}.Release|x64.ActiveCfg = Release|x64
		{9F534DF4-F58C-432C-BE63-054C76CEF8B6}.Release|x64.Build.0 = Release|x64
		{9F534DF4-F58C-432C-BE63-054C76CEF8B6}.Release|x86.ActiveCfg = Release|Win32
		{9F534DF4-F58C-432C-BE63-054C76CEF8B6}.Release|x86.Build.0 = Release|Win32
		{D065EED8-39B4-4893-9203-74FDC62BBA85}.Debug|x64.ActiveCfg = Debug|x64
		{D065EED8-39B4-4893-9203-74FDC62BBA85}.Debug|x64.Build.0 = Debug|x64
		{D065EED8-39B4-4893-9203-74FDC62BBA85}.Debug|x86.ActiveCfg = Debug|Win32
		{D065EED8-39B4-4893-9203-74FDC62BBA85}.Debug|x86.Build.0 = Debug|Win32
		{D065EED8-39B4-4893-9203-74FDC62BBA85}.Release|x64.ActiveCfg = Release|x64
		{D065EED8-39B4-4893-9203-74FDC62BBA85}.Release|x64.Build.0 = Release|x64
		{D065EED8-39B4-4893-9203-74FDC62BBA85}.Release|x86.ActiveCfg = Release|Win32
		{D065EED8-39B4-4893-9203-74FDC62BBA85}.Release|x86.Build.0 = Release|Win32
		{0B4ED644-4A7A-457C-93DF-D80048357AA6}.Debug|x64.ActiveCfg = Debug|x64
		{0B4ED644-4A7A-457C-93DF-D80048357AA6}.Debug|x64.Build.0 = Debug|x64
		{0B4ED644-4A7A-457C-93DF-D80048357AA6}.Debug|x86.ActiveCfg = Debug|Win32
		{0B4ED644-4A7A-457C-93DF-D80048357AA6}.Debug|x86.Build.0 = Debug|Win32
		{0B4ED644-4A7A-457C-93DF-D80048357AA6}.Release|x64.ActiveCfg = Release|x64
		{0B4ED644-4A7A-457C-93DF-D80048357AA6}.Release|x64.Build.0 = Release|x64
		{0B4ED644-4A7A-457C-93DF-D80048357AA6}.Release|x86.ActiveCfg = Release|Win32
		{0B4ED644-4A7A-457C-93DF-D80048357AA6}.Release|x86.Build.0 = Release|Win32
		{B52E9CEF-A586-4CD7-BC7A-595A1C1F410D}.Debug|x64.ActiveCfg = Debug|x64
		{B52E9CEF-A586-4CD7-BC7A-595A1C1F410D}.Debug|x64.Build.0 = Debug|x64
		{B52E9CEF-A586-4CD7-BC7A-595A1C1F410D}.Debug|x86.ActiveCfg = Debug|Win32
		{B52E9CEF-A586-4CD7-BC7A-595A1C1F410D}.Debug|x86.Build.0 = Debug|Win32
		{B52E9CEF-A586-4CD7-BC7A-595A1C1F410D}.Release|x64.ActiveCfg = Release|x64
		{B52E9CEF-A586-4CD7-BC7A-595A1C1F410D}.Release|x64.Build.0 = Release|x64
		{B52E9CEF-A586-4CD7-BC7A-595A1C1F410D}.Release|x86.ActiveCfg = Release|Win32
		{B52E9CEF-A586-4CD7-BC7A-595A1C1F410D}.Release|x86.Build.0 = Release|Win32
		{44CC7A11-9E89-48EC-A284-5327216A0919}.Debug|x64.ActiveCfg = Debug|x64
		{44CC7A11-9E89-48EC-A284-5327216A0919}.Debug|x64.Build.0 = Debug|x64
		{44CC7A11-9E89-48EC-A284-5327216A0919}.Debug|x86.ActiveCfg = Debug|Win32
		{44CC7A11-9E89-48EC-A284-5327216A0919}.Debug|x86.Build.0 = Debug|Win32
		{44CC7A11-9E89-48EC-A284-5327216A0919}.Release|x64.ActiveCfg = Release|x64
		{44CC7A11-9E89-48EC-A284-5327216A0919}.Release|x64.Build.0 = Release|x64
		{44CC7A11-9E89-48EC-A284-5327216A0919}.Release|x86.ActiveCfg = Release|Win32
		{44CC7A11-9E89-48EC-A284-5327216A0919}.Release|x86.Build.0 = Release|Win32
		{EBCD15CC-8219-44C4-A883-4157718F445B}.Debug|x64.ActiveCfg = Debug|x64
		{EBCD15CC-8219-44C4-A883-4157718F445B}.Debug|x64.Build.0 = Debug|x64
		{EBCD15CC-8219-44C4-A883-4157718F445B}.Debug|x86.ActiveCfg = Debug|Win32
		{EBCD15CC-8219-44C4-A883-4157718F445B}.Debug|x86.Build.0 = Debug|Win32
		{EBCD15CC-8219-44C4-A883-4157718F445B}.Release|x64.ActiveCfg = Release|x64
		{EBCD15CC-8219-44C4-A883-4157718F445B}.Release|x64.Build.0 = Release|x64
		{EBCD15CC-8219-44C4-A883-4157718F445B}.Release|x86.ActiveCfg = Release|Win32
		{EBCD15CC-8219-44C4-A883-4157718F445B}.Release|x86.Build.0 = Release|Win32
		{8EA807F6-9AC5-4B1B-9163-A458CCD32AAF}.Debug|x64.ActiveCfg = Debug|x64
		{8EA807F6-9AC5-4B1B-9163-A458CCD32AAF}.Debug|x64.Build.0 = Debug|x64
		{8EA807F6-9AC5-4B1B-9163-A458CCD32AAF}.Debug|x86.ActiveCfg = Debug|Win32
		{8EA807F6-9AC5-4B1B-9163-A458CCD32AAF}.Debug|x86.Build.0 = Debug|Win32
		{8EA807F6-9AC5-4B1B-9163-A458CCD32AAF}.Release|x64.ActiveCfg = Release|x64
		{8EA807F6-9AC5-4B1B-9163-A458CCD32AAF}.Release|x64.Build.0 = Release|x64
		{8EA807F6-9AC5-4B1B-9163-A458CCD32AAF}.Release|x86.ActiveCfg = Release|Win32
		{8EA807F6-9AC5-4B1B-9163-A458CCD32AAF}.Release|x86.Build.0 = Release|Win32
		{66E7EBF1-45FE-49C6-B707-4D31E4195E58}.Debug|x64.ActiveCfg = Debug|x64
		{66E7EBF1-45FE-49C6-B707-4D31E4195E58}.Debug|x64.Build.0 = Debug|x64
		{66E7EBF1-45FE-49C6-B707-4D31E4195E58}.Debug|x86.ActiveCfg = Debug|Win32
		{66E7EBF1-45FE-49C6-B707-4D31E4195E58}.Debug|x86.Build.0 = Debug|Win32
		{66E7EBF1-45FE-49C6-B707-4D31E4195E58}.Release|x64.ActiveCfg = Release|x64
		{66E7EBF1-45FE-49C6-B707-4D31E4195E58}.Release|x64.Build.0 = Release|x64
		{66E7EBF1-45FE-49C6-B707-4D31E4195E58}.Release|x86.ActiveCfg = Release|Win32
		{66E7EBF1-45FE-49C6-B707-4D31E4195E58}.Release|x86.Build.0 = Release|Win32
		{1F6F2AF1-F02E-4561-AA80-C7A1F5B30C49}.Debug|x64.ActiveCfg = Debug|x64
		{1F6F2AF1-F02E-4561-AA80-C7A1F5B30C49}.Debug|x64.Build.0 = Debug|x64
		{1F6F2AF1-F02E-4561-AA80-C7A1F5B30C49}.Debug|x86.ActiveCfg = Debug|Win32
		{1F6F2AF1-F02E-4561-AA80-C7A1F5B30C49}.Debug|x86.Build.0 = Debug|Win32
		{1F6F2AF1-F02E-4561-AA80-C7A1F5B30C49}.Release|x64.ActiveCfg = Release|x64
		{1F6F2AF1-F02E-4561-AA80-C7A1F5B30C49}.Release|x64.Build.0 = Release|x64
		{1F6F2AF1-F02E-4561-AA80-C7A1F5B30C49}.Release|x86.ActiveCfg = Release|Win32
		{1F6F2AF1-F02E-4561-AA80-C7A1F5B30C49}.Release|x86.Build.0 = Release|Win32
		{D99FA9DB-A671-44F7-9847-DD13A381076D}.Debug|x64.ActiveCfg = Debug|x64
		{D99FA9DB-A671-44F7-9847-DD13A381076D}.Debug|x64.Build.0 = Debug|x64
		{D99FA9DB-A671-44F7-9847-DD13A381076D}.Debug|x86.ActiveCfg = Debug|Win32
		{D99FA9DB-A671-44F7-9847-DD13A381076D}.Debug|x86.Build.0 = Debug|Win32
		{D99FA9DB-A671-44F7-9847-DD13A381076D}.Release|x64.ActiveCfg = Release|x64
		{D99FA9DB-A671-44F7-9847-DD13A381076D}.Release|x64.Build.0 = Release|x64
		{D99FA9DB-A671-44F7-9847-DD13A381076D}.Release|x86.ActiveCfg = Release|Win32
		{D99FA9DB-A671-44F7-9847-DD13A381076D}.Release|x86.Build.0 = Release|Win32
		{6EEE3B44-C0FC-41CA-8AA5-2E4C1037F416}.Debug|x64.ActiveCfg = Debug|x64
		{6EEE3B44-C0FC-41CA-8AA5-2E4C1037F416}.Debug|x64.Build.0 = Debug|x64
		{6EEE3B44-C0FC-41CA-8AA5-2E4C1037F416}.Debug|x86.ActiveCfg = Debug|Win32
		{6EEE3B44-C0FC-41CA-8AA5-2E4C1037F416}.Debug|x86.Build.0 = Debug|Win32
		{6EEE3B44-C0FC-41CA-8AA5-2E4C1037F416}.Release|x64.ActiveCfg = Release|x64
		{6EEE3B44-C0FC-41CA-8AA5-2E4C1037F416}.Release|x64.Build.0 = Release|x64
		{6EEE3B44-C0FC-41CA-8AA5-2E4C1037F416}.Release|x86.ActiveCfg = Release|Win32
		{6EEE3B44-C0FC-41CA-8AA5-2E4C1037F416}.Release|x86.Build.0 = Release|Win32
		{E6EB1097-FBA7-4EE2-94EF-84848253BEE3}.Debug|x64.ActiveCfg = Debug|x64
		{E6EB1097-FBA7-4EE2-94EF-84848253BEE3}.Debug|x64.Build.0 = Debug|x64
		{E6EB1097-FBA7-4EE2-94EF-84848253BEE3}.Debug|x86.ActiveCfg = Debug|Win32
		{E6EB1097-FBA7-4EE2-94EF-84848253BEE3}.Debug|x86.Build.0 = Debug|Win32
		{E6EB1097-FBA7-4EE2-94EF-84848253BEE3}.Release|x64.ActiveCfg = Release|x64
		{E6EB1097-FBA7-4EE2-94EF-84848253BEE3}.Release|x64.Build.0 = Release|x64
		{E6EB1097-FBA7-4EE2-94EF-84848253BEE3}.Release|x86.ActiveCfg = Release|Win32
		{E6EB1097-FBA7-4EE2-94EF-84848253BEE3}.Release|x86.Build.0 = Release|Win32
		{03E0B9F7-64D3-4C2D-98AB-D04E6F554988}.Debug|x64.ActiveCfg = Debug|x64
		{03E0B9F7-64D3-4C2D-98AB-D04E6F554988}.Debug|x64.Build.0 = Debug|x64
		{03E0B9F7-64D3-4C2D-98AB-D04E6F554988}.Debug|x86.ActiveCfg = Debug|Win32
		{03E0B9F7-64D3-4C2D-98AB-D04E6F554988}.Debug|x86.Build.0 = Debug|Win32
		{03E0B9F7-64D3-4C2D-98AB-D04E6F554988}.Release|x64.ActiveCfg = Release|x64
		{03E0B9F7-64D3-4C2D-98AB-D04E6F554988}.Release|x64.Build.0 = Release|x64
		{03E0B9F7-64D3-4C2D-98AB-D04E6F554988}.Release|x86.ActiveCfg = Release|Win32
		{03E0B9F7-64D3-4C2D-98AB-D04E6F554988}.Release|x86.Build.0 = Release|Win32
		{3A714D4D-780F-434E-AF2B-2C9C116E27CB}.Debug|x64.ActiveCfg = Debug|x64
		{3A714D4D-780F-434E-AF2B-2C9C116E27CB}.Debug|x64.Build.0 = Debug|x64
		{3A714D4D-780F-434E-AF2B-2C9C116E27CB}.Debug|x86.ActiveCfg = Debug|Win32
		{3A714D4D-780F-434E-AF2B-2C9C116E27CB}.Debug|x86.Build.0 = Debug|Win32
		{3A714D4D-780F-434E-AF2B-2C9C116E27CB}.Release|x64.ActiveCfg = Release|x64
		{3A714D4D-780F-434E-AF2B-2C9C116E27CB}.Release|x64.Build.0 = Release|x64
		{3A714D4D-780F-434E-AF2B-2C9C116E27CB}.Release|x86.ActiveCfg = Release|Win32
		{3A714D4D-780F-434E-AF2B-2C9C116E27CB}.Release|x86.Build.0 = Release|Win32
		{D4134627-053D-4644-A2B8-73E562261449}.Debug|x64.ActiveCfg = Debug|x64
		{D4134627-053D-4644-A2B8-73E562261449}.Debug|x64.Build.0 = Debug|x64
		{D4134627-053D-4644-A2B8-73E562261449}.Debug|x86.ActiveCfg = Debug|Win32
		{D4134627-053D-4644-A2B8-73E562261449}.Debug|x86.Build.0 = Debug|Win32
		{D4134627-053D-4644-A2B8-73E562261449}.Release|x64.ActiveCfg = Release|x64
		{D4134627-053D-4644-A2B8-73E562261449}.Release|x64.Build.0 = Release|x64
		{D4134627-053D-4644-A2B8-73E562261449}.Release|x86.ActiveCfg = Release|Win32
		{D4134627-053D-4644-A2B8-73E562261449}.Release|x86.Build.0 = Release|Win32
		{C5920502-79D9-4644-B76D-799016D3E6C6}.Debug|x64.ActiveCfg = Debug|x64
		{C5920502-79D9-4644-B76D-799016D3E6C6}.Debug|x64.Build.0 = Debug|x64
		{C5920502-79D9-4644-B76D-799016D3E6C6}.Debug|x86.ActiveCfg = Debug|Win32
		{C5920502-79D9-4644-B76D-799016D3E6C6}.Debug|x86.Build.0 = Debug|Win32
		{C5920502-79D9-4644-B76D-799016D3E6C6}.Release|x64.ActiveCfg = Release|x64
		{C5920502-79D9-4644-B76D-799016D3E6C6}.Release|x64.Build.0 = Release|x64
		{C5920502-79D9-4644-B76D-799016D3E6C6}.Release|x86.ActiveCfg = Release|Win32
		{C5920502-79D9-4644-B76D-799016D3E6C6}.Release|x86.Build.0 = Release|Win32
		{03D47C2B-34A6-41A8-AB28-13481F9D24F5}.Debug|x64.ActiveCfg = Debug|x64
		{03D47C2B-34A6-41A8-AB28-13481F9D24F5}.Debug|x64.Build.0 = Debug|x64
		{03D47C2B-34A6-41A8-AB28-13481F9D24F5}.Debug|x86.ActiveCfg = Debug|Win32
		{03D47C2B-34A6-41A8-AB28-13481F9D24F5}.Debug|x86.Build.0 = Debug|Win32
		{03D47C2B-34A6-41A8-AB28-13481F9D24F5}.Release|x64.ActiveCfg = Release|x64
		{03D47C2B-34A6-41A8-AB28-13481F9D24F5}.Release|x64.Build.0 = Release|x64
		{03D47C2B-34A6-41A8-AB28-13481F9D24F5}.Release|x86.ActiveCfg = Release|Win32
		{03D47C2B-34A6-41A8-AB28-13481F9D24F5}.Release|x86.Build.0 = Release|Win32
		{1FA8A563-BCE4-49D0-A923-43BA0B10BC9F}.Debug|x64.ActiveCfg = Debug|x64
		{1FA8A563-BCE4-49D0-A923-43BA0B10BC9F}.Debug|x64.Build.0 = Debug|x64
		{1FA8A563-BCE4-49D0-A923-43BA0B10BC9F}.Debug|x86.ActiveCfg = Debug|Win32
		{1FA8A563-BCE4-49D0-A923-43BA0B10BC9F}.Debug|x86.Build.0 = Debug|Win32
		{1FA8A563-BCE4-49D0-A923-43BA0B10BC9F}.Release|x64.ActiveCfg = Release|x64
		{1FA8A563-BCE4-49D0-A923-43BA0B10BC9F}.Release|x64.Build.0 = Release|x64
		{1FA8A563-BCE4-49D0-A923-43BA0B10BC9F}.Release|x86.ActiveCfg = Release|Win32
		{1FA8A563-BCE4-49D0-A923-43BA0B10BC9F}.Release|x86.Build.0 = Release|Win32
		{9921C588-7884-4661-931F-2544B77823CD}.Debug|x64.ActiveCfg = Debug|x64
		{9921C588-7884-4661-931F-2544B77823CD}.Debug|x64.Build.0 = Debug|x64
		{9921C588-7884-4661-931F-2544B77823CD}.Debug|x86.ActiveCfg = Debug|Win32
		{9921C588-7884-4661-931F-2544B77823CD}.Debug|x86.Build.0 = Debug|Win32
		{9921C588-7884-4661-931F-2544B77823CD}.Release|x64.ActiveCfg = Release|x64
		{9921C588-7884-4661-931F-2544B77823CD}.Release|x64.Build.0 = Release|x64
		{9921C588-7884-4661-931F-2544B77823CD}.Release|x86.ActiveCfg = Release|Win32
		{9921C588-7884-4661-931F-2544B77823CD}.Release|x86.Build.0 = Release|Win32
		{EAA40066-FB7A-4473-B1A9-F057FC551111}.Debug|x64.ActiveCfg = Debug|x64
		{EAA40066-FB7A-4473-B1A9-F057FC551111}.Debug|x64.Build.0 = Debug|x64
		{EAA40066-FB7A-4473-B1A9-F057FC551111}.Debug|x86.ActiveCfg = Debug|Win32
		{EAA40066-FB7A-4473-B1A9-F057FC551111}.Debug|x86.Build.0 = Debug|Win32
		{EAA40066-FB7A-4473-B1A9-F057FC551111}.Release|x64.ActiveCfg = Release|x64
		{EAA40066-FB7A-4473-B1A9-F057FC551111}.Release|x64.Build.0 = Release|x64
		{EAA40066-FB7A-4473-B1A9-F057FC551111}.Release|x86.ActiveCfg = Release|Win32
		{EAA40066-FB7A-4473-B1A9-F057FC551111}.Release|x86.Build.0 = Release|Win32
		{0E6C73B8-5E46-4E6C-A81B-0CE9C07D95EB}.Debug|x64.ActiveCfg = Debug|x64
		{0E6C73B8-5E46-4E6C-A81B-0CE9C07D95EB}.Debug|x64.Build.0 = Debug|x64
		{0E6C73B8-5E46-4E6C-A81B-0CE9C07D95EB}.Debug|x86.ActiveCfg = Debug|Win32
		{0E6C73B8-5E46-4E6C-A81B-0CE9C07D95EB}.Debug|x86.Build.0 = Debug|Win32
		{0E6C73B8-5E46-4E6C-A81B-0CE9C07D95EB}.Release|x64.ActiveCfg = Release|x64
		{0E6C73B8-5E46-4E6C-A81B-0CE9C07D95EB}.Release|x64.Build.0 = Release|x64
		{0E6C73B8-5E46-4E6C-A81B-0CE9C07D95EB}.Release|x86.ActiveCfg = Release|Win32
		{0E6C73B8-5E46-4E6C-A81B-0CE9C07D95EB}.Release|x86.Build.0 = Release|Win32
		{7EFD2217-EFC2-4578-BE53-09524E7F58C4}.Debug|x64.ActiveCfg = Debug|x64
		{7EFD2217-EFC2-4578-BE53-09524E7F58C4}.Debug|x64.Build.0 = Debug|x64
		{7EFD2217-EFC2-4578-BE53-09524E7F58C4}.Debug|x86.ActiveCfg = Debug|Win32
		{7EFD2217-EFC2-4578-BE53-09524E7F58C4}.Debug|x86.Build.0 = Debug|Win32
		{7EFD2217-EFC2-4578-BE53-09524E7F58C4}.Release|x64.ActiveCfg = Release|x64
		{7EFD2217-EFC2-4578-BE53-09524E7F58C4}.Release|x64.Build.0 = Release|x64
		{7EFD2217-EFC2-4578-BE53-09524E7F58C4}.Release|x86.ActiveCfg = Release|Win32
		{7EFD2217-EFC2-4578-BE53-09524E7F58C4}.Release|x86.Build.0 = Release|Win32
		{CA9B9FFA-E347-4837-B8CF-9A6CA9AFECDF}.Debug|x64.ActiveCfg = Debug|x64
		{CA9B9FFA-E347-4837-B8CF-9A6CA9AFECDF}.Debug|x64.Build.0 = Debug|x64
		{CA9B9FFA-E347-4837-B8CF-9A6CA9AFECDF}.Debug|x86.ActiveCfg = Debug|Win32
		{CA9B9FFA-E347-4837-B8CF-9A6CA9AFECDF}.Debug|x86.Build.0 = Debug|Win32
		{CA9B9FFA-E347-4837-B8CF-9A6CA9AFECDF}.Release|x64.ActiveCfg = Release|x64
		{CA9B9FFA-E347-4837-B8CF-9A6CA9AFECDF}.Release|x64.Build.0 = Release|x64
		{CA9B9FFA-E347-4837-B8CF-9A6CA9AFECDF}.Release|x86.ActiveCfg = Release|Win32
		{CA9B9FFA-E347-4837-B8CF-9A6CA9AFECDF}.Release|x86.Build.0 = Release|Win32
		{E4B87D54-87BF-455B-97DE-FC143B183C1F}.Debug|x64.ActiveCfg = Debug|x64
		{E4B87D54-87BF-455B-97DE-FC143B183C1F}.Debug|x64.Build.0 = Debug|x64
		{E4B87D54-87BF-455B-97DE-FC143B183C1F}.Debug|x86.ActiveCfg = Debug|Win32
		{E4B87D54-87BF-455B-97DE-FC143B183C1F}.Debug|x86.Build.0 = Debug|Win32
		{E4B87D54-87BF-455B-97DE-FC143B183C1F}.Release|x64.ActiveCfg = Release|x64
		{E4B87D54-87BF-455B-97DE-FC143B183C1F}.Release|x64.Build.0 = Release|x64
		{E4B87D54-87BF-455B-97DE-FC143B183C1F}.Release|x86.ActiveCfg = Release|Win32
		{E4B87D54-87BF-455B-97DE-FC143B183C1F}.Release|x86.Build.0 = Release|Win32
		{6F42EE7E-0818-4A9A-8D65-4124EBCE3706}.Debug|x64.ActiveCfg = Debug|x64
		{6F42EE7E-0818-4A9A-8D65-4124EBCE3706}.Debug|x64.Build.0 = Debug|x64
		{6F42EE7E-0818-4A9A-8D65-4124EBCE3706}.Debug|x86.ActiveCfg = Debug|Win32
		{6F42EE7E-0818-4A9A-8D65-4124EBCE3706}.Debug|x86.Build.0 = Debug|Win32
		{6F42EE7E-0818-4A9A-8D65-4124EBCE3706}.Release|x64.ActiveCfg = Release|x64
		{6F42EE7E-0818-4A9A-8D65-4124EBCE3706}.Release|x64.Build.0 = Release|x64
		{6F42EE7E-0818-4A9A-8D65-4124EBCE3706}.Release|x86.ActiveCfg = Release|Win32
		{6F42EE7E-0818-4A9A-8D65-4124EBCE3706}.Release|x86.Build.0 = Release|Win32
		{397D80E3-DB2A-48BA-832E-04B959538C51}.Debug|x64.ActiveCfg = Debug|x64
		{397D80E3-DB2A-48BA-832E-04B959538C51}.Debug|x64.Build.0 = Debug|x64
		{397D80E3-DB2A-48BA-832E-04B959538C51}.Debug|x86.ActiveCfg = Debug|Win32
		{397D80E3-DB2A-48BA-832E-04B959538C51}.Debug|x86.Build.0 = Debug|Win32
		{397D80E3-DB2A-48BA-832E-04B959538C51}.Release|x64.ActiveCfg = Release|x64
		{397D80E3-DB2A-48BA-832E-04B959538C51}.Release|x64.Build.0 = Release|x64
		{397D80E3-DB2A-48BA-832E-04B959538C51}.Release|x86.ActiveCfg = Release|Win32
		{397D80E3-DB2A-48BA-832E-04B959538C51}.Release|x86.Build.0 = Release|Win32
		{84C05DB3-EAFF-461F-9FDC-AB52570A6D1D}.Debug|x64.ActiveCfg = Debug|x64
		{84C05DB3-EAFF-461F-9FDC-AB52570A6D1D}.Debug|x64.Build.0 = Debug|x64
		{84C05DB3-EAFF-461F-9FDC-AB52570A6D1D}.Debug|x86.ActiveCfg = Debug|Win32
		{84C05DB3-EAFF-461F-9FDC-AB52570A6D1D}.Debug|x86.Build.0 = Debug|Win32
		{84C05DB3-EAFF-461F-9FDC-AB52570A6D1D}.Release|x64.ActiveCfg = Release|x64
		{84C05DB3-EAFF-461F-9FDC-AB52570A6D1D}.Release|x64.Build.0 = Release|x64
		{84C05DB3-EAFF-461F-9FDC-AB52570A6D1D}.Release|x86.ActiveCfg = Release|Win32
		{84C05DB3-EAFF-461F-9FDC-AB52570A6D1D}.Release|x86.Build.0 = Release|Win32
		{0F2A15F5-D6C7-4754-88BD-55F661E6F42A}.Debug|x64.ActiveCfg = Debug|x64
		{0F2A15F5-D6C7-4754-88BD-55F661E6F42A}.Debug|x64.Build.0 = Debug|x64
		{0F2A15F5-D6C7-4754-88BD-55F661E6F42A}.Debug|x86.ActiveCfg = Debug|Win32
		{0F2A15F5-D6C7-4754-88BD-55F661E6F42A}.Debug|x86.Build.0 = Debug|Win32
		{0F2A15F5-D6C7-4754-88BD-55F661E6F42A}.Release|x64.ActiveCfg = Release|x64
		{0F2A15F5-D6C7-4754-88BD-55F661E6F42A}.Release|x64.Build.0 = Release|x64
		{0F2A15F5-D6C7-4754-88BD-55F661E6F42A}.Release|x86.ActiveCfg = Release|Win32
		{0F2A15F5-D6C7-4754-88BD-55F661E6F42A}.Release|x86.Build.0 = Release|Win32
		{A2EE1C0C-DBE5-4845-87C7-BF0F33B966D5}.Debug|x64.ActiveCfg = Debug|x64
		{A2EE1C0C-DBE5-4845-87C7-BF0F33B966D5}.Debug|x64.Build.0 = Debug|x64
		{A2EE1C0C-DBE5-4845-87C7-BF0F33B966D5}.Debug|x86.ActiveCfg = Debug|Win32
		{A2EE1C0C-DBE5-4845-87C7-BF0F33B966D5}.Debug|x86.Build.0 = Debug|Win32
		{A2EE1C0C-DBE5-4845-87C7-BF0F33B966D5}.Release|x64.ActiveCfg = Release|x64
		{A2EE1C0C-DBE5-4845-87C7-BF0F33B966D5}.Release|x64.Build.0 = Release|x64
		{A2EE1C0C-DBE5-4845-87C7-BF0F33B966D5}.Release|x86.ActiveCfg = Release|Win32
		{A2EE1C0C-DBE5-4845-87C7-BF0F33B966D5}.Release|x86.Build.0 = Release|Win32
		{49CE0B6F-DB76-4C88-9CEC-D0C5DDA2A657}.Debug|x64.ActiveCfg = Debug|x64
		{49CE0B6F-DB76-4C88-9CEC-D0C5DDA2A657}.Debug|x64.Build.0 = Debug|x64
		{49CE0B6F-DB76-4C88-9CEC-D0C5DDA2A657}.Debug|x86.ActiveCfg = Debug|Win32
		{49CE0B6F-DB76-4C88-9CEC-D0C5DDA2A657}.Debug|x86.Build.0 = Debug|Win32
		{49CE0B6F-DB76-4C88-9CEC-D0C5DDA2A657}.Release|x64.ActiveCfg = Release|x64
		{49CE0B6F-DB76-4C88-9CEC-D0C5DDA2A657}.Release|x64.Build.0 = Release|x64
		{49CE0B6F-DB76-4C88-9CEC-D0C5DDA2A657}.Release|x86.ActiveCfg = Release|Win32
		{49CE0B6F-DB76-4C88-9CEC-D0C5DDA2A657}.Release|x86.Build.0 = Release|Win32
		{F025CF2C-7388-4527-9A48-543CAD8592DF}.Debug|x64.ActiveCfg = Debug|x64
		{F025CF2C-7388-4527-9A48-543CAD8592DF}.Debug|x64.Build.0 = Debug|x64
		{F025CF2C-7388-4527-9A48-543CAD8592DF}.Debug|x86.ActiveCfg = Debug|Win32
		{F025CF2C-7388-4527-9A48-543CAD8592DF}.Debug|x86.Build.0 = Debug|Win32
		{F025CF2C-7388-4527-9A48-543CAD8592DF}.Release|x64.ActiveCfg = Release|x64
		{F025CF2C-7388-4527-9A48-543CAD8592DF}.Release|x64.Build.0 = Release|x64
		{F025CF2C-7388-4527-9A48-543CAD8592DF}.Release|x86.ActiveCfg = Release|Win32
		{F025CF2C-7388-4527-9A48-543CAD8592DF}.Release|x86.Build.0 = Release|Win32
		{620CD92A-7231-48E0-BCE3-A64190532A10}.Debug|x64.ActiveCfg = Debug|x64
		{620CD92A-7231-48E0-BCE3-A64190532A10}.Debug|x64.Build.0 = Debug|x64
		{620CD92A-7231-48E0-BCE3-A64190532A10}.Debug|x86.ActiveCfg = Debug|Win32
		{620CD92A-7231-48E0-BCE3-A64190532A10}.Debug|x86.Build.0 = Debug|Win32
		{620CD92A-7231-48E0-BCE3-A64190532A10}.Release|x64.ActiveCfg = Release|x64
		{620CD92A-7231-48E0-BCE3-A64190532A10}.Release|x64.Build.0 = Release|x64
		{620CD92A-7231-48E0-BCE3-A64190532A10}.Release|x86.ActiveCfg = Release|Win32
		{620CD92A-7231-48E0-BCE3-A64190532A10}.Release|x86.Build.0 = Release|Win32
		{B09BF174-DF17-4A66-90EC-F58F79CDF716}.Debug|x64.ActiveCfg = Debug|x64
		{B09BF174-DF17-4A66-90EC-F58F79CDF716}.Debug|x64.Build.0 = Debug|x64
		{B09BF174-DF17-4A66-90EC-F58F79CDF716}.Debug|x86.ActiveCfg = Debug|Win32
		{B09BF174-DF17-4A66-90EC-F58F79CDF716}.Debug|x86.Build.0 = Debug|Win32
		{B09BF174-DF17-4A66-90EC-F58F79CDF716}.Release|x64.ActiveCfg = Release|x64
		{B09BF174-DF17-4A66-90EC-F58F79CDF716}.Release|x64.Build.0 = Release|x64
		{B09BF174-DF17-4A66-90EC-F58F79CDF716}.Release|x86.ActiveCfg = Release|Win32
		{B09BF174-DF17-4A66-90EC-F58F79CDF716}.Release|x86.Build.0 = Release|Win32
		{5BF63D89-2A48-4143-ABD7-0DCAB1E86191}.Debug|x64.ActiveCfg = Debug|x64
		{5BF63D89-2A48-4143-ABD7-0DCAB1E86191}.Debug|x64.Build.0 = Debug|x64
		{5BF63D89-2A48-4143-ABD7-0DCAB1E86191}.Debug|x86.ActiveCfg = Debug|Win32
		{5BF63D89-2A48-4143-ABD7-0DCAB1E86191}.Debug|x86.Build.0 = Debug|Win32
		{5BF63D89-2A48-4143-ABD7-0DCAB1E86191}.Release|x64.ActiveCfg = Release|x64
		{5BF63D89-2A48-4143-ABD7-0DCAB1E86191}.Release|x64.Build.0 = Release|x64
		{5BF63D89-2A48-4143-ABD7-0DCAB1E86191}.Release|x86.ActiveCfg = Release|Win32
		{5BF63D89-2A48-4143-ABD7-0DCAB1E86191}.Release|x86.Build.0 = Release|Win32
		{1B5958DE-91AE-4C28-9AEA-80502063F74A}.Debug|x64.ActiveCfg = Debug|x64
		{1B5958DE-91AE-4C28-9AEA-80502063F74A}.Debug|x64.Build.0 = Debug|x64
		{1B5958DE-91AE-4C28-9AEA-80502063F74A}.Debug|x86.ActiveCfg = Debug|Win32
		{1B5958DE-91AE-4C28-9AEA-80502063F74A}.Debug|x86.Build.0 = Debug|Win32
		{1B5958DE-91AE-4C28-9AEA-80502063F74A}.Release|x64.ActiveCfg = Release|x64
		{1B5958DE-91AE-4C28-9AEA-80502063F74A}.Release|x64.Build.0 = Release|x64
		{1B5958DE-91AE-4C28-9AEA-80502063F74A}.Release|x86.ActiveCfg = Release|Win32
		{1B5958DE-91AE-4C28-9AEA-80502063F74A}.Release|x86.Build.0 = Release|Win32
		{F505A0B5-A357-41DD-BE1C-E1C73C5840AE}.Debug|x64.ActiveCfg = Debug|x64
		{F505A0B5-A357-41DD-BE1C-E1C73C5840AE}.Debug|x64.Build.0 = Debug|x64
		{F505A0B5-A357-41DD-BE1C-E1C73C5840AE}.Debug|x86.ActiveCfg = Debug|Win32
		{F505A0B5-A357-41DD-BE1C-E1C73C5840AE}.Debug|x86.Build.0 = Debug|Win32
		{F505A0B5-A357-41DD-BE1C-E1C73C5840AE}.Release|x64.ActiveCfg = Release|x64
		{F505A0B5-A357-41DD-BE1C-E1C73C5840AE}.Release|x64.Build.0 = Release|x64
		{F505A0B5-A357-41DD-BE1C-E1C73C5840AE}.Release|x86.ActiveCfg = Release|Win32
		{F505A0B5-A357-41DD-BE1C-E1C73C5840AE}.Release|x86.Build.0 = Release|Win32
	EndGlobalSection
	GlobalSection(SolutionProperties) = preSolution
		HideSolutionNode = FALSE
	EndGlobalSection
	GlobalSection(NestedProjects) = preSolution
		{9F57970E-00F9-45D1-AE02-F85B0C694DC4} = {357E4328-B96C-4622-B0A5-2662485F750A}
		{8CE8A15A-B0C1-4219-9A8D-5F1D7EEC2A4C} = {357E4328-B96C-4622-B0A5-2662485F750A}
		{9119C0A9-B827-4C63-8F82-F8D050162817} = {357E4328-B96C-4622-B0A5-2662485F750A}
		{1CDA289A-ACBD-4752-BED8-9513FDCA139A} = {A1E0A230-8AE8-49C5-8C76-23CE27B18F80}
		{C7955538-70FC-4E28-9B2F-E06E5DE7562E} = {B6EE2AA7-7174-4CA2-A1C5-3639B8645984}
		{59235B25-865A-4865-8B3E-329CB1A938CE} = {3987534A-787A-44E3-BE7C-74F4040B393F}
		{A24B145E-F3DD-4C4E-B1D3-DB165717D4EE} = {ECD6C561-4190-4376-B776-58FE47876B85}
		{D1CE998A-1E63-4605-BF5F-53A1CE2E4194} = {B6EE2AA7-7174-4CA2-A1C5-3639B8645984}
		{33474859-9C62-4EF6-A828-66A1108C52E1} = {357E4328-B96C-4622-B0A5-2662485F750A}
		{B8F8DF03-7A15-44F1-9009-1CA26D959097} = {357E4328-B96C-4622-B0A5-2662485F750A}
		{B9240BFF-D8D4-4C7F-A360-E8404FD2F23D} = {B6EE2AA7-7174-4CA2-A1C5-3639B8645984}
		{7F7810D4-066C-4006-A120-F08BDBB6856B} = {B6EE2AA7-7174-4CA2-A1C5-3639B8645984}
		{A8327A24-1515-402E-B2A1-2440606C5543} = {B6EE2AA7-7174-4CA2-A1C5-3639B8645984}
		{EAACBC91-16C6-4210-B2DD-C7B8ABD8028B} = {B6EE2AA7-7174-4CA2-A1C5-3639B8645984}
		{D8A908BC-C09D-459C-9F3E-BA422EA9E8A0} = {9B24A398-91B5-4CD7-8A83-5B10C864ACC6}
		{DD38E14E-337A-424F-BC09-2725C697B1F6} = {9B24A398-91B5-4CD7-8A83-5B10C864ACC6}
		{37C184C9-4D1B-49DA-91C3-645A37659E72} = {9B24A398-91B5-4CD7-8A83-5B10C864ACC6}
		{2D247C7C-9340-4A9F-85D2-AE5CCE9123D5} = {9B24A398-91B5-4CD7-8A83-5B10C864ACC6}
		{E9E60BF2-A7F8-4D12-BDAF-8C96ED2B82F0} = {9B24A398-91B5-4CD7-8A83-5B10C864ACC6}
		{0B9EB2A6-DB76-4076-AABC-DA6663CA61EB} = {9B24A398-91B5-4CD7-8A83-5B10C864ACC6}
		{2F897E81-5303-48FC-8101-F4820448E575} = {9B24A398-91B5-4CD7-8A83-5B10C864ACC6}
		{D44AD7B6-0F71-42A4-87B3-6EF409708E07} = {9B24A398-91B5-4CD7-8A83-5B10C864ACC6}
		{F14A6DFD-5A1C-44C7-961E-83903CB253BF} = {9B24A398-91B5-4CD7-8A83-5B10C864ACC6}
		{6FF64B60-9C14-4449-9F6C-6376B63CF984} = {9B24A398-91B5-4CD7-8A83-5B10C864ACC6}
		{109A96C8-2F67-4E69-8206-9DAF5E00E7D9} = {ECD6C561-4190-4376-B776-58FE47876B85}
		{0EF35D8C-A340-4836-BD8B-4D8D6D6494D2} = {ECD6C561-4190-4376-B776-58FE47876B85}
		{7357761E-7177-4A29-A8C7-E74F76D79C6F} = {ECD6C561-4190-4376-B776-58FE47876B85}
		{4F7F2970-A102-4A3B-AF08-EA75D6E2D48C} = {ECD6C561-4190-4376-B776-58FE47876B85}
		{D26B785D-2B00-48EC-B551-234C56E51498} = {ECD6C561-4190-4376-B776-58FE47876B85}
		{D0CFAF69-DB7D-4F12-A0F2-6BAC68BCE6B2} = {ECD6C561-4190-4376-B776-58FE47876B85}
		{36CD609A-8355-466C-ADEB-B3CBEEEB37FC} = {ECD6C561-4190-4376-B776-58FE47876B85}
		{128A0FD0-71E6-4663-92D0-E478172F6F26} = {ECD6C561-4190-4376-B776-58FE47876B85}
		{0BFE477D-E790-4417-8204-8F1D92E9AF28} = {ECD6C561-4190-4376-B776-58FE47876B85}
		{F658D900-2F2B-4AF5-823B-6CE9B0B49929} = {ECD6C561-4190-4376-B776-58FE47876B85}
		{13DF3CB1-B838-42F0-A39A-D50FD6F067E7} = {ECD6C561-4190-4376-B776-58FE47876B85}
		{A45A8D91-4665-48C0-A4D1-8F026A400F0D} = {ECD6C561-4190-4376-B776-58FE47876B85}
		{16895C94-8488-495F-9783-F05AAAA5F570} = {ECD6C561-4190-4376-B776-58FE47876B85}
		{68309315-6EF4-4618-BBF6-7EDB3505ACD3} = {ECD6C561-4190-4376-B776-58FE47876B85}
		{106190EC-91F0-4531-9EDB-0CECC7E26F35} = {ECD6C561-4190-4376-B776-58FE47876B85}
		{F03407AD-7D51-4AB6-AF37-ABC8E6042F82} = {A1E0A230-8AE8-49C5-8C76-23CE27B18F80}
		{C3FDA0F2-7C1B-448F-A90F-9A4630971522} = {A1E0A230-8AE8-49C5-8C76-23CE27B18F80}
		{D0411E13-F686-4426-9B41-9C00306AFB22} = {A1E0A230-8AE8-49C5-8C76-23CE27B18F80}
		{F7DFFE63-19E9-4BAF-A191-1E31EB20C1E6} = {A1E0A230-8AE8-49C5-8C76-23CE27B18F80}
		{15248312-5F4D-4F3D-8127-2BB2E8AF3CD5} = {A1E0A230-8AE8-49C5-8C76-23CE27B18F80}
		{4E9578D3-FB4D-4BA3-9FAC-A561441F9C7F} = {A1E0A230-8AE8-49C5-8C76-23CE27B18F80}
		{B29B4F78-C7F1-43D8-9C96-8B2656DF4152} = {A1E0A230-8AE8-49C5-8C76-23CE27B18F80}
		{0508ED55-246E-4FD8-8B43-B23839F0A96C} = {A1E0A230-8AE8-49C5-8C76-23CE27B18F80}
		{82C5B599-13AA-44B5-A06C-2579816DF6CB} = {A1E0A230-8AE8-49C5-8C76-23CE27B18F80}
		{3B608F33-9765-482F-A1F8-BDD83381FB1D} = {357E4328-B96C-4622-B0A5-2662485F750A}
		{F1CA3876-CB60-440A-BF9C-175D720BD53F} = {357E4328-B96C-4622-B0A5-2662485F750A}
		{0C620AA9-8891-4B21-A96B-C7EBF95E35DF} = {357E4328-B96C-4622-B0A5-2662485F750A}
		{01179071-0CBE-418B-909C-0D4BC6837382} = {357E4328-B96C-4622-B0A5-2662485F750A}
		{0FD017F1-A4DA-4709-A9F1-F9BBED56A949} = {357E4328-B96C-4622-B0A5-2662485F750A}
		{1F25E517-4844-4EF6-A3EA-49360EB28FCE} = {357E4328-B96C-4622-B0A5-2662485F750A}
		{2B4D7833-DF43-4F21-819B-B3C8FBA94340} = {0D15E38D-C42C-4BD3-864F-4FE042947A93}
		{F3F118B6-2412-438E-8CAF-E6D4FFBAFF29} = {0D15E38D-C42C-4BD3-864F-4FE042947A93}
		{70AE43AD-4A1F-400D-B760-A3BCE1F6FDC2} = {0D15E38D-C42C-4BD3-864F-4FE042947A93}
		{9F534DF4-F58C-432C-BE63-054C76CEF8B6} = {357E4328-B96C-4622-B0A5-2662485F750A}
		{D065EED8-39B4-4893-9203-74FDC62BBA85} = {0D15E38D-C42C-4BD3-864F-4FE042947A93}
		{0B4ED644-4A7A-457C-93DF-D80048357AA6} = {0D15E38D-C42C-4BD3-864F-4FE042947A93}
		{B52E9CEF-A586-4CD7-BC7A-595A1C1F410D} = {0D15E38D-C42C-4BD3-864F-4FE042947A93}
		{44CC7A11-9E89-48EC-A284-5327216A0919} = {0D15E38D-C42C-4BD3-864F-4FE042947A93}
		{EBCD15CC-8219-44C4-A883-4157718F445B} = {0D15E38D-C42C-4BD3-864F-4FE042947A93}
		{8EA807F6-9AC5-4B1B-9163-A458CCD32AAF} = {0D4478E1-E669-4214-A856-E1C24837E0D0}
		{66E7EBF1-45FE-49C6-B707-4D31E4195E58} = {0D4478E1-E669-4214-A856-E1C24837E0D0}
		{1F6F2AF1-F02E-4561-AA80-C7A1F5B30C49} = {0D4478E1-E669-4214-A856-E1C24837E0D0}
		{D99FA9DB-A671-44F7-9847-DD13A381076D} = {0D4478E1-E669-4214-A856-E1C24837E0D0}
		{6EEE3B44-C0FC-41CA-8AA5-2E4C1037F416} = {63FD1840-6D03-4B7E-B7F9-748A302916E2}
		{E6EB1097-FBA7-4EE2-94EF-84848253BEE3} = {F767F79E-8FC1-4E45-A5DD-2C98BDF226ED}
		{03E0B9F7-64D3-4C2D-98AB-D04E6F554988} = {63FD1840-6D03-4B7E-B7F9-748A302916E2}
		{3A714D4D-780F-434E-AF2B-2C9C116E27CB} = {63FD1840-6D03-4B7E-B7F9-748A302916E2}
		{D4134627-053D-4644-A2B8-73E562261449} = {63FD1840-6D03-4B7E-B7F9-748A302916E2}
		{C5920502-79D9-4644-B76D-799016D3E6C6} = {357E4328-B96C-4622-B0A5-2662485F750A}
		{03D47C2B-34A6-41A8-AB28-13481F9D24F5} = {357E4328-B96C-4622-B0A5-2662485F750A}
		{1FA8A563-BCE4-49D0-A923-43BA0B10BC9F} = {357E4328-B96C-4622-B0A5-2662485F750A}
		{9921C588-7884-4661-931F-2544B77823CD} = {A1E0A230-8AE8-49C5-8C76-23CE27B18F80}
		{EAA40066-FB7A-4473-B1A9-F057FC551111} = {A1E0A230-8AE8-49C5-8C76-23CE27B18F80}
		{0E6C73B8-5E46-4E6C-A81B-0CE9C07D95EB} = {B6EE2AA7-7174-4CA2-A1C5-3639B8645984}
		{7EFD2217-EFC2-4578-BE53-09524E7F58C4} = {B6EE2AA7-7174-4CA2-A1C5-3639B8645984}
		{CA9B9FFA-E347-4837-B8CF-9A6CA9AFECDF} = {F767F79E-8FC1-4E45-A5DD-2C98BDF226ED}
		{E4B87D54-87BF-455B-97DE-FC143B183C1F} = {63FD1840-6D03-4B7E-B7F9-748A302916E2}
		{6F42EE7E-0818-4A9A-8D65-4124EBCE3706} = {63FD1840-6D03-4B7E-B7F9-748A302916E2}
		{397D80E3-DB2A-48BA-832E-04B959538C51} = {63FD1840-6D03-4B7E-B7F9-748A302916E2}
		{84C05DB3-EAFF-461F-9FDC-AB52570A6D1D} = {63FD1840-6D03-4B7E-B7F9-748A302916E2}
		{0F2A15F5-D6C7-4754-88BD-55F661E6F42A} = {63FD1840-6D03-4B7E-B7F9-748A302916E2}
		{A2EE1C0C-DBE5-4845-87C7-BF0F33B966D5} = {63FD1840-6D03-4B7E-B7F9-748A302916E2}
		{49CE0B6F-DB76-4C88-9CEC-D0C5DDA2A657} = {63FD1840-6D03-4B7E-B7F9-748A302916E2}
		{F025CF2C-7388-4527-9A48-543CAD8592DF} = {63FD1840-6D03-4B7E-B7F9-748A302916E2}
		{620CD92A-7231-48E0-BCE3-A64190532A10} = {9B24A398-91B5-4CD7-8A83-5B10C864ACC6}
		{B09BF174-DF17-4A66-90EC-F58F79CDF716} = {ECD6C561-4190-4376-B776-58FE47876B85}
		{5BF63D89-2A48-4143-ABD7-0DCAB1E86191} = {ECD6C561-4190-4376-B776-58FE47876B85}
		{1B5958DE-91AE-4C28-9AEA-80502063F74A} = {F767F79E-8FC1-4E45-A5DD-2C98BDF226ED}
		{F505A0B5-A357-41DD-BE1C-E1C73C5840AE} = {357E4328-B96C-4622-B0A5-2662485F750A}
	EndGlobalSection
	GlobalSection(ExtensibilityGlobals) = postSolution
		SolutionGuid = {B5B25DA8-F9EF-4410-8662-52C20C668BB9}
	EndGlobalSection
EndGlobal
